// !$*UTF8*$!
{
	archiveVersion = 1;
	classes = {
	};
	objectVersion = 46;
	objects = {

/* Begin PBXBuildFile section */
		0D591C3A1D741B900064A90C /* main.m in Sources */ = {isa = PBXBuildFile; fileRef = 0D591C391D741B900064A90C /* main.m */; };
		0D591C3D1D741B900064A90C /* AppDelegate.m in Sources */ = {isa = PBXBuildFile; fileRef = 0D591C3C1D741B900064A90C /* AppDelegate.m */; };
		0D591C401D741B900064A90C /* ViewController.m in Sources */ = {isa = PBXBuildFile; fileRef = 0D591C3F1D741B900064A90C /* ViewController.m */; };
		0D591C431D741B900064A90C /* Main.storyboard in Resources */ = {isa = PBXBuildFile; fileRef = 0D591C411D741B900064A90C /* Main.storyboard */; };
		0D591C451D741B900064A90C /* Assets.xcassets in Resources */ = {isa = PBXBuildFile; fileRef = 0D591C441D741B900064A90C /* Assets.xcassets */; };
		0D591C481D741B900064A90C /* LaunchScreen.storyboard in Resources */ = {isa = PBXBuildFile; fileRef = 0D591C461D741B900064A90C /* LaunchScreen.storyboard */; };
		0D591C531D741B910064A90C /* mpush_client_ios_OC_Tests.m in Sources */ = {isa = PBXBuildFile; fileRef = 0D591C521D741B910064A90C /* mpush_client_ios_OC_Tests.m */; };
		0D591C5E1D741B910064A90C /* mpush_client_ios_OC_UITests.m in Sources */ = {isa = PBXBuildFile; fileRef = 0D591C5D1D741B910064A90C /* mpush_client_ios_OC_UITests.m */; };
		0D591C9B1D7426410064A90C /* RSA.m in Sources */ = {isa = PBXBuildFile; fileRef = 0D591C8E1D7426410064A90C /* RSA.m */; };
		0D591C9F1D74264A0064A90C /* MessageDataPacketTool.m in Sources */ = {isa = PBXBuildFile; fileRef = 0D591C9D1D74264A0064A90C /* MessageDataPacketTool.m */; };
		0D591CA11D74266A0064A90C /* libz.tbd in Frameworks */ = {isa = PBXBuildFile; fileRef = 0D591CA01D74266A0064A90C /* libz.tbd */; };
		3983D0C31FFDE353003E0DF3 /* AFHTTPSessionManager.m in Sources */ = {isa = PBXBuildFile; fileRef = 3983D09C1FFDE353003E0DF3 /* AFHTTPSessionManager.m */; };
		3983D0C41FFDE353003E0DF3 /* AFNetworkReachabilityManager.m in Sources */ = {isa = PBXBuildFile; fileRef = 3983D09F1FFDE353003E0DF3 /* AFNetworkReachabilityManager.m */; };
		3983D0C51FFDE353003E0DF3 /* AFSecurityPolicy.m in Sources */ = {isa = PBXBuildFile; fileRef = 3983D0A11FFDE353003E0DF3 /* AFSecurityPolicy.m */; };
		3983D0C61FFDE353003E0DF3 /* AFURLRequestSerialization.m in Sources */ = {isa = PBXBuildFile; fileRef = 3983D0A31FFDE353003E0DF3 /* AFURLRequestSerialization.m */; };
		3983D0C71FFDE353003E0DF3 /* AFURLResponseSerialization.m in Sources */ = {isa = PBXBuildFile; fileRef = 3983D0A51FFDE353003E0DF3 /* AFURLResponseSerialization.m */; };
		3983D0C81FFDE353003E0DF3 /* AFURLSessionManager.m in Sources */ = {isa = PBXBuildFile; fileRef = 3983D0A71FFDE353003E0DF3 /* AFURLSessionManager.m */; };
		3983D0C91FFDE353003E0DF3 /* GCDAsyncSocket.m in Sources */ = {isa = PBXBuildFile; fileRef = 3983D0AA1FFDE353003E0DF3 /* GCDAsyncSocket.m */; };
		3983D0CA1FFDE353003E0DF3 /* GSKeyChain.m in Sources */ = {isa = PBXBuildFile; fileRef = 3983D0AD1FFDE353003E0DF3 /* GSKeyChain.m */; };
		3983D0CB1FFDE353003E0DF3 /* GSKeyChainDataManager.m in Sources */ = {isa = PBXBuildFile; fileRef = 3983D0AF1FFDE353003E0DF3 /* GSKeyChainDataManager.m */; };
		3983D0CC1FFDE353003E0DF3 /* LFCGzipUtility.m in Sources */ = {isa = PBXBuildFile; fileRef = 3983D0B21FFDE353003E0DF3 /* LFCGzipUtility.m */; };
		3983D0CD1FFDE353003E0DF3 /* RFIReader.m in Sources */ = {isa = PBXBuildFile; fileRef = 3983D0B51FFDE353003E0DF3 /* RFIReader.m */; };
		3983D0CE1FFDE353003E0DF3 /* RFIWriter.m in Sources */ = {isa = PBXBuildFile; fileRef = 3983D0B71FFDE353003E0DF3 /* RFIWriter.m */; };
		3983D0CF1FFDE353003E0DF3 /* SVIndefiniteAnimatedView.m in Sources */ = {isa = PBXBuildFile; fileRef = 3983D0BA1FFDE353003E0DF3 /* SVIndefiniteAnimatedView.m */; };
		3983D0D01FFDE353003E0DF3 /* SVProgressAnimatedView.m in Sources */ = {isa = PBXBuildFile; fileRef = 3983D0BC1FFDE353003E0DF3 /* SVProgressAnimatedView.m */; };
		3983D0D11FFDE353003E0DF3 /* SVProgressHUD.bundle in Resources */ = {isa = PBXBuildFile; fileRef = 3983D0BE1FFDE353003E0DF3 /* SVProgressHUD.bundle */; };
		3983D0D21FFDE353003E0DF3 /* SVProgressHUD.m in Sources */ = {isa = PBXBuildFile; fileRef = 3983D0C01FFDE353003E0DF3 /* SVProgressHUD.m */; };
		3983D0D31FFDE354003E0DF3 /* SVRadialGradientLayer.m in Sources */ = {isa = PBXBuildFile; fileRef = 3983D0C21FFDE353003E0DF3 /* SVRadialGradientLayer.m */; };
		39C09E301FFB763D004B22D9 /* MPMessageHandler.m in Sources */ = {isa = PBXBuildFile; fileRef = 39C09E2F1FFB763D004B22D9 /* MPMessageHandler.m */; };
		39C09E461FFCDC83004B22D9 /* MPAllotClient.m in Sources */ = {isa = PBXBuildFile; fileRef = 39C09E451FFCDC83004B22D9 /* MPAllotClient.m */; };
		39C09E4D1FFCE69B004B22D9 /* MPAesCipher.m in Sources */ = {isa = PBXBuildFile; fileRef = 39C09E4C1FFCE69B004B22D9 /* MPAesCipher.m */; };
		39C09E501FFCE6B6004B22D9 /* MPCipherBox.m in Sources */ = {isa = PBXBuildFile; fileRef = 39C09E4F1FFCE6B6004B22D9 /* MPCipherBox.m */; };
		39EC224B1FFF251100CBBA23 /* MPSessionStorage.m in Sources */ = {isa = PBXBuildFile; fileRef = 39EC224A1FFF251100CBBA23 /* MPSessionStorage.m */; };
/* End PBXBuildFile section */

/* Begin PBXContainerItemProxy section */
		0D591C4F1D741B910064A90C /* PBXContainerItemProxy */ = {
			isa = PBXContainerItemProxy;
			containerPortal = 0D591C2D1D741B900064A90C /* Project object */;
			proxyType = 1;
			remoteGlobalIDString = 0D591C341D741B900064A90C;
			remoteInfo = "mpush-client-ios(OC)";
		};
		0D591C5A1D741B910064A90C /* PBXContainerItemProxy */ = {
			isa = PBXContainerItemProxy;
			containerPortal = 0D591C2D1D741B900064A90C /* Project object */;
			proxyType = 1;
			remoteGlobalIDString = 0D591C341D741B900064A90C;
			remoteInfo = "mpush-client-ios(OC)";
		};
/* End PBXContainerItemProxy section */

/* Begin PBXFileReference section */
		0D591C351D741B900064A90C /* mpush-client-ios(OC).app */ = {isa = PBXFileReference; explicitFileType = wrapper.application; includeInIndex = 0; path = "mpush-client-ios(OC).app"; sourceTree = BUILT_PRODUCTS_DIR; };
		0D591C391D741B900064A90C /* main.m */ = {isa = PBXFileReference; lastKnownFileType = sourcecode.c.objc; path = main.m; sourceTree = "<group>"; };
		0D591C3B1D741B900064A90C /* AppDelegate.h */ = {isa = PBXFileReference; lastKnownFileType = sourcecode.c.h; path = AppDelegate.h; sourceTree = "<group>"; };
		0D591C3C1D741B900064A90C /* AppDelegate.m */ = {isa = PBXFileReference; lastKnownFileType = sourcecode.c.objc; path = AppDelegate.m; sourceTree = "<group>"; };
		0D591C3E1D741B900064A90C /* ViewController.h */ = {isa = PBXFileReference; lastKnownFileType = sourcecode.c.h; path = ViewController.h; sourceTree = "<group>"; };
		0D591C3F1D741B900064A90C /* ViewController.m */ = {isa = PBXFileReference; lastKnownFileType = sourcecode.c.objc; path = ViewController.m; sourceTree = "<group>"; };
		0D591C421D741B900064A90C /* Base */ = {isa = PBXFileReference; lastKnownFileType = file.storyboard; name = Base; path = Base.lproj/Main.storyboard; sourceTree = "<group>"; };
		0D591C441D741B900064A90C /* Assets.xcassets */ = {isa = PBXFileReference; lastKnownFileType = folder.assetcatalog; path = Assets.xcassets; sourceTree = "<group>"; };
		0D591C471D741B900064A90C /* Base */ = {isa = PBXFileReference; lastKnownFileType = file.storyboard; name = Base; path = Base.lproj/LaunchScreen.storyboard; sourceTree = "<group>"; };
		0D591C491D741B900064A90C /* Info.plist */ = {isa = PBXFileReference; lastKnownFileType = text.plist.xml; path = Info.plist; sourceTree = "<group>"; };
		0D591C4E1D741B910064A90C /* mpush-client-ios(OC)Tests.xctest */ = {isa = PBXFileReference; explicitFileType = wrapper.cfbundle; includeInIndex = 0; path = "mpush-client-ios(OC)Tests.xctest"; sourceTree = BUILT_PRODUCTS_DIR; };
		0D591C521D741B910064A90C /* mpush_client_ios_OC_Tests.m */ = {isa = PBXFileReference; lastKnownFileType = sourcecode.c.objc; path = mpush_client_ios_OC_Tests.m; sourceTree = "<group>"; };
		0D591C541D741B910064A90C /* Info.plist */ = {isa = PBXFileReference; lastKnownFileType = text.plist.xml; path = Info.plist; sourceTree = "<group>"; };
		0D591C591D741B910064A90C /* mpush-client-ios(OC)UITests.xctest */ = {isa = PBXFileReference; explicitFileType = wrapper.cfbundle; includeInIndex = 0; path = "mpush-client-ios(OC)UITests.xctest"; sourceTree = BUILT_PRODUCTS_DIR; };
		0D591C5D1D741B910064A90C /* mpush_client_ios_OC_UITests.m */ = {isa = PBXFileReference; lastKnownFileType = sourcecode.c.objc; path = mpush_client_ios_OC_UITests.m; sourceTree = "<group>"; };
		0D591C5F1D741B910064A90C /* Info.plist */ = {isa = PBXFileReference; lastKnownFileType = text.plist.xml; path = Info.plist; sourceTree = "<group>"; };
		0D591C8D1D7426410064A90C /* RSA.h */ = {isa = PBXFileReference; fileEncoding = 4; lastKnownFileType = sourcecode.c.h; path = RSA.h; sourceTree = "<group>"; };
		0D591C8E1D7426410064A90C /* RSA.m */ = {isa = PBXFileReference; fileEncoding = 4; lastKnownFileType = sourcecode.c.objc; path = RSA.m; sourceTree = "<group>"; };
		0D591C9C1D74264A0064A90C /* MessageDataPacketTool.h */ = {isa = PBXFileReference; fileEncoding = 4; lastKnownFileType = sourcecode.c.h; path = MessageDataPacketTool.h; sourceTree = "<group>"; };
		0D591C9D1D74264A0064A90C /* MessageDataPacketTool.m */ = {isa = PBXFileReference; fileEncoding = 4; lastKnownFileType = sourcecode.c.objc; path = MessageDataPacketTool.m; sourceTree = "<group>"; };
		0D591C9E1D74264A0064A90C /* Mpush.h */ = {isa = PBXFileReference; fileEncoding = 4; lastKnownFileType = sourcecode.c.h; path = Mpush.h; sourceTree = "<group>"; };
		0D591CA01D74266A0064A90C /* libz.tbd */ = {isa = PBXFileReference; lastKnownFileType = "sourcecode.text-based-dylib-definition"; name = libz.tbd; path = usr/lib/libz.tbd; sourceTree = SDKROOT; };
		0D7F420B1DAA47CB008D1F85 /* mpush-client-ios(OC).entitlements */ = {isa = PBXFileReference; lastKnownFileType = text.plist.entitlements; path = "mpush-client-ios(OC).entitlements"; sourceTree = "<group>"; };
		3983D09B1FFDE353003E0DF3 /* AFHTTPSessionManager.h */ = {isa = PBXFileReference; fileEncoding = 4; lastKnownFileType = sourcecode.c.h; path = AFHTTPSessionManager.h; sourceTree = "<group>"; };
		3983D09C1FFDE353003E0DF3 /* AFHTTPSessionManager.m */ = {isa = PBXFileReference; fileEncoding = 4; lastKnownFileType = sourcecode.c.objc; path = AFHTTPSessionManager.m; sourceTree = "<group>"; };
		3983D09D1FFDE353003E0DF3 /* AFNetworking.h */ = {isa = PBXFileReference; fileEncoding = 4; lastKnownFileType = sourcecode.c.h; path = AFNetworking.h; sourceTree = "<group>"; };
		3983D09E1FFDE353003E0DF3 /* AFNetworkReachabilityManager.h */ = {isa = PBXFileReference; fileEncoding = 4; lastKnownFileType = sourcecode.c.h; path = AFNetworkReachabilityManager.h; sourceTree = "<group>"; };
		3983D09F1FFDE353003E0DF3 /* AFNetworkReachabilityManager.m */ = {isa = PBXFileReference; fileEncoding = 4; lastKnownFileType = sourcecode.c.objc; path = AFNetworkReachabilityManager.m; sourceTree = "<group>"; };
		3983D0A01FFDE353003E0DF3 /* AFSecurityPolicy.h */ = {isa = PBXFileReference; fileEncoding = 4; lastKnownFileType = sourcecode.c.h; path = AFSecurityPolicy.h; sourceTree = "<group>"; };
		3983D0A11FFDE353003E0DF3 /* AFSecurityPolicy.m */ = {isa = PBXFileReference; fileEncoding = 4; lastKnownFileType = sourcecode.c.objc; path = AFSecurityPolicy.m; sourceTree = "<group>"; };
		3983D0A21FFDE353003E0DF3 /* AFURLRequestSerialization.h */ = {isa = PBXFileReference; fileEncoding = 4; lastKnownFileType = sourcecode.c.h; path = AFURLRequestSerialization.h; sourceTree = "<group>"; };
		3983D0A31FFDE353003E0DF3 /* AFURLRequestSerialization.m */ = {isa = PBXFileReference; fileEncoding = 4; lastKnownFileType = sourcecode.c.objc; path = AFURLRequestSerialization.m; sourceTree = "<group>"; };
		3983D0A41FFDE353003E0DF3 /* AFURLResponseSerialization.h */ = {isa = PBXFileReference; fileEncoding = 4; lastKnownFileType = sourcecode.c.h; path = AFURLResponseSerialization.h; sourceTree = "<group>"; };
		3983D0A51FFDE353003E0DF3 /* AFURLResponseSerialization.m */ = {isa = PBXFileReference; fileEncoding = 4; lastKnownFileType = sourcecode.c.objc; path = AFURLResponseSerialization.m; sourceTree = "<group>"; };
		3983D0A61FFDE353003E0DF3 /* AFURLSessionManager.h */ = {isa = PBXFileReference; fileEncoding = 4; lastKnownFileType = sourcecode.c.h; path = AFURLSessionManager.h; sourceTree = "<group>"; };
		3983D0A71FFDE353003E0DF3 /* AFURLSessionManager.m */ = {isa = PBXFileReference; fileEncoding = 4; lastKnownFileType = sourcecode.c.objc; path = AFURLSessionManager.m; sourceTree = "<group>"; };
		3983D0A91FFDE353003E0DF3 /* GCDAsyncSocket.h */ = {isa = PBXFileReference; fileEncoding = 4; lastKnownFileType = sourcecode.c.h; path = GCDAsyncSocket.h; sourceTree = "<group>"; };
		3983D0AA1FFDE353003E0DF3 /* GCDAsyncSocket.m */ = {isa = PBXFileReference; fileEncoding = 4; lastKnownFileType = sourcecode.c.objc; path = GCDAsyncSocket.m; sourceTree = "<group>"; };
		3983D0AC1FFDE353003E0DF3 /* GSKeyChain.h */ = {isa = PBXFileReference; fileEncoding = 4; lastKnownFileType = sourcecode.c.h; path = GSKeyChain.h; sourceTree = "<group>"; };
		3983D0AD1FFDE353003E0DF3 /* GSKeyChain.m */ = {isa = PBXFileReference; fileEncoding = 4; lastKnownFileType = sourcecode.c.objc; path = GSKeyChain.m; sourceTree = "<group>"; };
		3983D0AE1FFDE353003E0DF3 /* GSKeyChainDataManager.h */ = {isa = PBXFileReference; fileEncoding = 4; lastKnownFileType = sourcecode.c.h; path = GSKeyChainDataManager.h; sourceTree = "<group>"; };
		3983D0AF1FFDE353003E0DF3 /* GSKeyChainDataManager.m */ = {isa = PBXFileReference; fileEncoding = 4; lastKnownFileType = sourcecode.c.objc; path = GSKeyChainDataManager.m; sourceTree = "<group>"; };
		3983D0B11FFDE353003E0DF3 /* LFCGzipUtility.h */ = {isa = PBXFileReference; fileEncoding = 4; lastKnownFileType = sourcecode.c.h; path = LFCGzipUtility.h; sourceTree = "<group>"; };
		3983D0B21FFDE353003E0DF3 /* LFCGzipUtility.m */ = {isa = PBXFileReference; fileEncoding = 4; lastKnownFileType = sourcecode.c.objc; path = LFCGzipUtility.m; sourceTree = "<group>"; };
		3983D0B41FFDE353003E0DF3 /* RFIReader.h */ = {isa = PBXFileReference; fileEncoding = 4; lastKnownFileType = sourcecode.c.h; path = RFIReader.h; sourceTree = "<group>"; };
		3983D0B51FFDE353003E0DF3 /* RFIReader.m */ = {isa = PBXFileReference; fileEncoding = 4; lastKnownFileType = sourcecode.c.objc; path = RFIReader.m; sourceTree = "<group>"; };
		3983D0B61FFDE353003E0DF3 /* RFIWriter.h */ = {isa = PBXFileReference; fileEncoding = 4; lastKnownFileType = sourcecode.c.h; path = RFIWriter.h; sourceTree = "<group>"; };
		3983D0B71FFDE353003E0DF3 /* RFIWriter.m */ = {isa = PBXFileReference; fileEncoding = 4; lastKnownFileType = sourcecode.c.objc; path = RFIWriter.m; sourceTree = "<group>"; };
		3983D0B91FFDE353003E0DF3 /* SVIndefiniteAnimatedView.h */ = {isa = PBXFileReference; fileEncoding = 4; lastKnownFileType = sourcecode.c.h; path = SVIndefiniteAnimatedView.h; sourceTree = "<group>"; };
		3983D0BA1FFDE353003E0DF3 /* SVIndefiniteAnimatedView.m */ = {isa = PBXFileReference; fileEncoding = 4; lastKnownFileType = sourcecode.c.objc; path = SVIndefiniteAnimatedView.m; sourceTree = "<group>"; };
		3983D0BB1FFDE353003E0DF3 /* SVProgressAnimatedView.h */ = {isa = PBXFileReference; fileEncoding = 4; lastKnownFileType = sourcecode.c.h; path = SVProgressAnimatedView.h; sourceTree = "<group>"; };
		3983D0BC1FFDE353003E0DF3 /* SVProgressAnimatedView.m */ = {isa = PBXFileReference; fileEncoding = 4; lastKnownFileType = sourcecode.c.objc; path = SVProgressAnimatedView.m; sourceTree = "<group>"; };
		3983D0BD1FFDE353003E0DF3 /* SVProgressHUD-Prefix.pch */ = {isa = PBXFileReference; fileEncoding = 4; lastKnownFileType = sourcecode.c.h; path = "SVProgressHUD-Prefix.pch"; sourceTree = "<group>"; };
		3983D0BE1FFDE353003E0DF3 /* SVProgressHUD.bundle */ = {isa = PBXFileReference; lastKnownFileType = "wrapper.plug-in"; path = SVProgressHUD.bundle; sourceTree = "<group>"; };
		3983D0BF1FFDE353003E0DF3 /* SVProgressHUD.h */ = {isa = PBXFileReference; fileEncoding = 4; lastKnownFileType = sourcecode.c.h; path = SVProgressHUD.h; sourceTree = "<group>"; };
		3983D0C01FFDE353003E0DF3 /* SVProgressHUD.m */ = {isa = PBXFileReference; fileEncoding = 4; lastKnownFileType = sourcecode.c.objc; path = SVProgressHUD.m; sourceTree = "<group>"; };
		3983D0C11FFDE353003E0DF3 /* SVRadialGradientLayer.h */ = {isa = PBXFileReference; fileEncoding = 4; lastKnownFileType = sourcecode.c.h; path = SVRadialGradientLayer.h; sourceTree = "<group>"; };
		3983D0C21FFDE353003E0DF3 /* SVRadialGradientLayer.m */ = {isa = PBXFileReference; fileEncoding = 4; lastKnownFileType = sourcecode.c.objc; path = SVRadialGradientLayer.m; sourceTree = "<group>"; };
		39C09E2E1FFB763D004B22D9 /* MPMessageHandler.h */ = {isa = PBXFileReference; lastKnownFileType = sourcecode.c.h; path = MPMessageHandler.h; sourceTree = "<group>"; };
		39C09E2F1FFB763D004B22D9 /* MPMessageHandler.m */ = {isa = PBXFileReference; lastKnownFileType = sourcecode.c.objc; path = MPMessageHandler.m; sourceTree = "<group>"; };
		39C09E441FFCDC83004B22D9 /* MPAllotClient.h */ = {isa = PBXFileReference; lastKnownFileType = sourcecode.c.h; path = MPAllotClient.h; sourceTree = "<group>"; };
		39C09E451FFCDC83004B22D9 /* MPAllotClient.m */ = {isa = PBXFileReference; lastKnownFileType = sourcecode.c.objc; path = MPAllotClient.m; sourceTree = "<group>"; };
		39C09E4B1FFCE69B004B22D9 /* MPAesCipher.h */ = {isa = PBXFileReference; fileEncoding = 4; lastKnownFileType = sourcecode.c.h; path = MPAesCipher.h; sourceTree = "<group>"; };
		39C09E4C1FFCE69B004B22D9 /* MPAesCipher.m */ = {isa = PBXFileReference; fileEncoding = 4; lastKnownFileType = sourcecode.c.objc; path = MPAesCipher.m; sourceTree = "<group>"; };
		39C09E4E1FFCE6B6004B22D9 /* MPCipherBox.h */ = {isa = PBXFileReference; lastKnownFileType = sourcecode.c.h; path = MPCipherBox.h; sourceTree = "<group>"; };
		39C09E4F1FFCE6B6004B22D9 /* MPCipherBox.m */ = {isa = PBXFileReference; lastKnownFileType = sourcecode.c.objc; path = MPCipherBox.m; sourceTree = "<group>"; };
		39EC22491FFF251100CBBA23 /* MPSessionStorage.h */ = {isa = PBXFileReference; lastKnownFileType = sourcecode.c.h; path = MPSessionStorage.h; sourceTree = "<group>"; };
		39EC224A1FFF251100CBBA23 /* MPSessionStorage.m */ = {isa = PBXFileReference; lastKnownFileType = sourcecode.c.objc; path = MPSessionStorage.m; sourceTree = "<group>"; };
/* End PBXFileReference section */

/* Begin PBXFrameworksBuildPhase section */
		0D591C321D741B900064A90C /* Frameworks */ = {
			isa = PBXFrameworksBuildPhase;
			buildActionMask = 2147483647;
			files = (
				0D591CA11D74266A0064A90C /* libz.tbd in Frameworks */,
			);
			runOnlyForDeploymentPostprocessing = 0;
		};
		0D591C4B1D741B910064A90C /* Frameworks */ = {
			isa = PBXFrameworksBuildPhase;
			buildActionMask = 2147483647;
			files = (
			);
			runOnlyForDeploymentPostprocessing = 0;
		};
		0D591C561D741B910064A90C /* Frameworks */ = {
			isa = PBXFrameworksBuildPhase;
			buildActionMask = 2147483647;
			files = (
			);
			runOnlyForDeploymentPostprocessing = 0;
		};
/* End PBXFrameworksBuildPhase section */

/* Begin PBXGroup section */
		0D591C2C1D741B900064A90C = {
			isa = PBXGroup;
			children = (
				0D591CA01D74266A0064A90C /* libz.tbd */,
				0D591C371D741B900064A90C /* mpush-client-ios(OC) */,
				0D591C511D741B910064A90C /* mpush-client-ios(OC)Tests */,
				0D591C5C1D741B910064A90C /* mpush-client-ios(OC)UITests */,
				0D591C361D741B900064A90C /* Products */,
			);
			sourceTree = "<group>";
		};
		0D591C361D741B900064A90C /* Products */ = {
			isa = PBXGroup;
			children = (
				0D591C351D741B900064A90C /* mpush-client-ios(OC).app */,
				0D591C4E1D741B910064A90C /* mpush-client-ios(OC)Tests.xctest */,
				0D591C591D741B910064A90C /* mpush-client-ios(OC)UITests.xctest */,
			);
			name = Products;
			sourceTree = "<group>";
		};
		0D591C371D741B900064A90C /* mpush-client-ios(OC) */ = {
			isa = PBXGroup;
			children = (
				0D7F420B1DAA47CB008D1F85 /* mpush-client-ios(OC).entitlements */,
				0D591C9E1D74264A0064A90C /* Mpush.h */,
				0D591C3B1D741B900064A90C /* AppDelegate.h */,
				0D591C3C1D741B900064A90C /* AppDelegate.m */,
				0D591C3E1D741B900064A90C /* ViewController.h */,
				0D591C3F1D741B900064A90C /* ViewController.m */,
				0D591C9C1D74264A0064A90C /* MessageDataPacketTool.h */,
				0D591C9D1D74264A0064A90C /* MessageDataPacketTool.m */,
				39C09E2E1FFB763D004B22D9 /* MPMessageHandler.h */,
				39C09E2F1FFB763D004B22D9 /* MPMessageHandler.m */,
				39C09E441FFCDC83004B22D9 /* MPAllotClient.h */,
				39C09E451FFCDC83004B22D9 /* MPAllotClient.m */,
				39EC22491FFF251100CBBA23 /* MPSessionStorage.h */,
				39EC224A1FFF251100CBBA23 /* MPSessionStorage.m */,
				39C09E4A1FFCE69B004B22D9 /* MPCipherBox */,
				0D591C411D741B900064A90C /* Main.storyboard */,
				0D591C441D741B900064A90C /* Assets.xcassets */,
				0D591C461D741B900064A90C /* LaunchScreen.storyboard */,
				0D591C491D741B900064A90C /* Info.plist */,
				3983D0991FFDE353003E0DF3 /* Lib */,
				0D591C381D741B900064A90C /* Supporting Files */,
			);
			path = "mpush-client-ios(OC)";
			sourceTree = "<group>";
		};
		0D591C381D741B900064A90C /* Supporting Files */ = {
			isa = PBXGroup;
			children = (
				0D591C391D741B900064A90C /* main.m */,
			);
			name = "Supporting Files";
			sourceTree = "<group>";
		};
		0D591C511D741B910064A90C /* mpush-client-ios(OC)Tests */ = {
			isa = PBXGroup;
			children = (
				0D591C521D741B910064A90C /* mpush_client_ios_OC_Tests.m */,
				0D591C541D741B910064A90C /* Info.plist */,
			);
			path = "mpush-client-ios(OC)Tests";
			sourceTree = "<group>";
		};
		0D591C5C1D741B910064A90C /* mpush-client-ios(OC)UITests */ = {
			isa = PBXGroup;
			children = (
				0D591C5D1D741B910064A90C /* mpush_client_ios_OC_UITests.m */,
				0D591C5F1D741B910064A90C /* Info.plist */,
			);
			path = "mpush-client-ios(OC)UITests";
			sourceTree = "<group>";
		};
		3983D0991FFDE353003E0DF3 /* Lib */ = {
			isa = PBXGroup;
			children = (
				3983D09A1FFDE353003E0DF3 /* AFNetworking */,
				3983D0A81FFDE353003E0DF3 /* CocoaAsyncSocket */,
				3983D0AB1FFDE353003E0DF3 /* GSKeyChain */,
				3983D0B01FFDE353003E0DF3 /* LFCGzipUtility */,
				3983D0B31FFDE353003E0DF3 /* rfi_reader */,
				3983D0B81FFDE353003E0DF3 /* SVProgressHUD */,
			);
			path = Lib;
			sourceTree = "<group>";
		};
		3983D09A1FFDE353003E0DF3 /* AFNetworking */ = {
			isa = PBXGroup;
			children = (
				3983D09B1FFDE353003E0DF3 /* AFHTTPSessionManager.h */,
				3983D09C1FFDE353003E0DF3 /* AFHTTPSessionManager.m */,
				3983D09D1FFDE353003E0DF3 /* AFNetworking.h */,
				3983D09E1FFDE353003E0DF3 /* AFNetworkReachabilityManager.h */,
				3983D09F1FFDE353003E0DF3 /* AFNetworkReachabilityManager.m */,
				3983D0A01FFDE353003E0DF3 /* AFSecurityPolicy.h */,
				3983D0A11FFDE353003E0DF3 /* AFSecurityPolicy.m */,
				3983D0A21FFDE353003E0DF3 /* AFURLRequestSerialization.h */,
				3983D0A31FFDE353003E0DF3 /* AFURLRequestSerialization.m */,
				3983D0A41FFDE353003E0DF3 /* AFURLResponseSerialization.h */,
				3983D0A51FFDE353003E0DF3 /* AFURLResponseSerialization.m */,
				3983D0A61FFDE353003E0DF3 /* AFURLSessionManager.h */,
				3983D0A71FFDE353003E0DF3 /* AFURLSessionManager.m */,
			);
			path = AFNetworking;
			sourceTree = "<group>";
		};
		3983D0A81FFDE353003E0DF3 /* CocoaAsyncSocket */ = {
			isa = PBXGroup;
			children = (
				3983D0A91FFDE353003E0DF3 /* GCDAsyncSocket.h */,
				3983D0AA1FFDE353003E0DF3 /* GCDAsyncSocket.m */,
			);
			path = CocoaAsyncSocket;
			sourceTree = "<group>";
		};
		3983D0AB1FFDE353003E0DF3 /* GSKeyChain */ = {
			isa = PBXGroup;
			children = (
				3983D0AC1FFDE353003E0DF3 /* GSKeyChain.h */,
				3983D0AD1FFDE353003E0DF3 /* GSKeyChain.m */,
				3983D0AE1FFDE353003E0DF3 /* GSKeyChainDataManager.h */,
				3983D0AF1FFDE353003E0DF3 /* GSKeyChainDataManager.m */,
			);
			path = GSKeyChain;
			sourceTree = "<group>";
		};
		3983D0B01FFDE353003E0DF3 /* LFCGzipUtility */ = {
			isa = PBXGroup;
			children = (
				3983D0B11FFDE353003E0DF3 /* LFCGzipUtility.h */,
				3983D0B21FFDE353003E0DF3 /* LFCGzipUtility.m */,
			);
			path = LFCGzipUtility;
			sourceTree = "<group>";
		};
		3983D0B31FFDE353003E0DF3 /* rfi_reader */ = {
			isa = PBXGroup;
			children = (
				3983D0B41FFDE353003E0DF3 /* RFIReader.h */,
				3983D0B51FFDE353003E0DF3 /* RFIReader.m */,
				3983D0B61FFDE353003E0DF3 /* RFIWriter.h */,
				3983D0B71FFDE353003E0DF3 /* RFIWriter.m */,
			);
			path = rfi_reader;
			sourceTree = "<group>";
		};
		3983D0B81FFDE353003E0DF3 /* SVProgressHUD */ = {
			isa = PBXGroup;
			children = (
				3983D0B91FFDE353003E0DF3 /* SVIndefiniteAnimatedView.h */,
				3983D0BA1FFDE353003E0DF3 /* SVIndefiniteAnimatedView.m */,
				3983D0BB1FFDE353003E0DF3 /* SVProgressAnimatedView.h */,
				3983D0BC1FFDE353003E0DF3 /* SVProgressAnimatedView.m */,
				3983D0BD1FFDE353003E0DF3 /* SVProgressHUD-Prefix.pch */,
				3983D0BE1FFDE353003E0DF3 /* SVProgressHUD.bundle */,
				3983D0BF1FFDE353003E0DF3 /* SVProgressHUD.h */,
				3983D0C01FFDE353003E0DF3 /* SVProgressHUD.m */,
				3983D0C11FFDE353003E0DF3 /* SVRadialGradientLayer.h */,
				3983D0C21FFDE353003E0DF3 /* SVRadialGradientLayer.m */,
			);
			path = SVProgressHUD;
			sourceTree = "<group>";
		};
		39C09E4A1FFCE69B004B22D9 /* MPCipherBox */ = {
			isa = PBXGroup;
			children = (
				39C09E4B1FFCE69B004B22D9 /* MPAesCipher.h */,
				39C09E4C1FFCE69B004B22D9 /* MPAesCipher.m */,
				39C09E4E1FFCE6B6004B22D9 /* MPCipherBox.h */,
				39C09E4F1FFCE6B6004B22D9 /* MPCipherBox.m */,
				0D591C8D1D7426410064A90C /* RSA.h */,
				0D591C8E1D7426410064A90C /* RSA.m */,
			);
			path = MPCipherBox;
			sourceTree = "<group>";
		};
/* End PBXGroup section */

/* Begin PBXNativeTarget section */
		0D591C341D741B900064A90C /* mpush-client-ios(OC) */ = {
			isa = PBXNativeTarget;
			buildConfigurationList = 0D591C621D741B910064A90C /* Build configuration list for PBXNativeTarget "mpush-client-ios(OC)" */;
			buildPhases = (
				0D591C311D741B900064A90C /* Sources */,
				0D591C321D741B900064A90C /* Frameworks */,
				0D591C331D741B900064A90C /* Resources */,
			);
			buildRules = (
			);
			dependencies = (
			);
			name = "mpush-client-ios(OC)";
			productName = "mpush-client-ios(OC)";
			productReference = 0D591C351D741B900064A90C /* mpush-client-ios(OC).app */;
			productType = "com.apple.product-type.application";
		};
		0D591C4D1D741B910064A90C /* mpush-client-ios(OC)Tests */ = {
			isa = PBXNativeTarget;
			buildConfigurationList = 0D591C651D741B910064A90C /* Build configuration list for PBXNativeTarget "mpush-client-ios(OC)Tests" */;
			buildPhases = (
				0D591C4A1D741B910064A90C /* Sources */,
				0D591C4B1D741B910064A90C /* Frameworks */,
				0D591C4C1D741B910064A90C /* Resources */,
			);
			buildRules = (
			);
			dependencies = (
				0D591C501D741B910064A90C /* PBXTargetDependency */,
			);
			name = "mpush-client-ios(OC)Tests";
			productName = "mpush-client-ios(OC)Tests";
			productReference = 0D591C4E1D741B910064A90C /* mpush-client-ios(OC)Tests.xctest */;
			productType = "com.apple.product-type.bundle.unit-test";
		};
		0D591C581D741B910064A90C /* mpush-client-ios(OC)UITests */ = {
			isa = PBXNativeTarget;
			buildConfigurationList = 0D591C681D741B910064A90C /* Build configuration list for PBXNativeTarget "mpush-client-ios(OC)UITests" */;
			buildPhases = (
				0D591C551D741B910064A90C /* Sources */,
				0D591C561D741B910064A90C /* Frameworks */,
				0D591C571D741B910064A90C /* Resources */,
			);
			buildRules = (
			);
			dependencies = (
				0D591C5B1D741B910064A90C /* PBXTargetDependency */,
			);
			name = "mpush-client-ios(OC)UITests";
			productName = "mpush-client-ios(OC)UITests";
			productReference = 0D591C591D741B910064A90C /* mpush-client-ios(OC)UITests.xctest */;
			productType = "com.apple.product-type.bundle.ui-testing";
		};
/* End PBXNativeTarget section */

/* Begin PBXProject section */
		0D591C2D1D741B900064A90C /* Project object */ = {
			isa = PBXProject;
			attributes = {
				LastUpgradeCheck = 0730;
				ORGANIZATIONNAME = Yonglin;
				TargetAttributes = {
					0D591C341D741B900064A90C = {
						CreatedOnToolsVersion = 7.3.1;
						DevelopmentTeam = 9LW6A56WFN;
						SystemCapabilities = {
							com.apple.Keychain = {
								enabled = 1;
							};
						};
					};
					0D591C4D1D741B910064A90C = {
						CreatedOnToolsVersion = 7.3.1;
						TestTargetID = 0D591C341D741B900064A90C;
					};
					0D591C581D741B910064A90C = {
						CreatedOnToolsVersion = 7.3.1;
						TestTargetID = 0D591C341D741B900064A90C;
					};
				};
			};
			buildConfigurationList = 0D591C301D741B900064A90C /* Build configuration list for PBXProject "mpush-client-ios(OC)" */;
			compatibilityVersion = "Xcode 3.2";
			developmentRegion = English;
			hasScannedForEncodings = 0;
			knownRegions = (
				en,
				Base,
			);
			mainGroup = 0D591C2C1D741B900064A90C;
			productRefGroup = 0D591C361D741B900064A90C /* Products */;
			projectDirPath = "";
			projectRoot = "";
			targets = (
				0D591C341D741B900064A90C /* mpush-client-ios(OC) */,
				0D591C4D1D741B910064A90C /* mpush-client-ios(OC)Tests */,
				0D591C581D741B910064A90C /* mpush-client-ios(OC)UITests */,
			);
		};
/* End PBXProject section */

/* Begin PBXResourcesBuildPhase section */
		0D591C331D741B900064A90C /* Resources */ = {
			isa = PBXResourcesBuildPhase;
			buildActionMask = 2147483647;
			files = (
				0D591C481D741B900064A90C /* LaunchScreen.storyboard in Resources */,
				0D591C451D741B900064A90C /* Assets.xcassets in Resources */,
				0D591C431D741B900064A90C /* Main.storyboard in Resources */,
				3983D0D11FFDE353003E0DF3 /* SVProgressHUD.bundle in Resources */,
			);
			runOnlyForDeploymentPostprocessing = 0;
		};
		0D591C4C1D741B910064A90C /* Resources */ = {
			isa = PBXResourcesBuildPhase;
			buildActionMask = 2147483647;
			files = (
			);
			runOnlyForDeploymentPostprocessing = 0;
		};
		0D591C571D741B910064A90C /* Resources */ = {
			isa = PBXResourcesBuildPhase;
			buildActionMask = 2147483647;
			files = (
			);
			runOnlyForDeploymentPostprocessing = 0;
		};
/* End PBXResourcesBuildPhase section */

/* Begin PBXSourcesBuildPhase section */
		0D591C311D741B900064A90C /* Sources */ = {
			isa = PBXSourcesBuildPhase;
			buildActionMask = 2147483647;
			files = (
				3983D0C91FFDE353003E0DF3 /* GCDAsyncSocket.m in Sources */,
				3983D0C81FFDE353003E0DF3 /* AFURLSessionManager.m in Sources */,
				39C09E4D1FFCE69B004B22D9 /* MPAesCipher.m in Sources */,
				0D591C401D741B900064A90C /* ViewController.m in Sources */,
				39C09E501FFCE6B6004B22D9 /* MPCipherBox.m in Sources */,
				0D591C3D1D741B900064A90C /* AppDelegate.m in Sources */,
				3983D0C51FFDE353003E0DF3 /* AFSecurityPolicy.m in Sources */,
				39C09E301FFB763D004B22D9 /* MPMessageHandler.m in Sources */,
				3983D0C61FFDE353003E0DF3 /* AFURLRequestSerialization.m in Sources */,
				3983D0D31FFDE354003E0DF3 /* SVRadialGradientLayer.m in Sources */,
				3983D0CF1FFDE353003E0DF3 /* SVIndefiniteAnimatedView.m in Sources */,
				3983D0CB1FFDE353003E0DF3 /* GSKeyChainDataManager.m in Sources */,
				39EC224B1FFF251100CBBA23 /* MPSessionStorage.m in Sources */,
				3983D0CD1FFDE353003E0DF3 /* RFIReader.m in Sources */,
				0D591C3A1D741B900064A90C /* main.m in Sources */,
				0D591C9B1D7426410064A90C /* RSA.m in Sources */,
				3983D0CA1FFDE353003E0DF3 /* GSKeyChain.m in Sources */,
				3983D0C31FFDE353003E0DF3 /* AFHTTPSessionManager.m in Sources */,
				39C09E461FFCDC83004B22D9 /* MPAllotClient.m in Sources */,
				3983D0D21FFDE353003E0DF3 /* SVProgressHUD.m in Sources */,
				3983D0C41FFDE353003E0DF3 /* AFNetworkReachabilityManager.m in Sources */,
				3983D0CC1FFDE353003E0DF3 /* LFCGzipUtility.m in Sources */,
				3983D0D01FFDE353003E0DF3 /* SVProgressAnimatedView.m in Sources */,
				3983D0C71FFDE353003E0DF3 /* AFURLResponseSerialization.m in Sources */,
				0D591C9F1D74264A0064A90C /* MessageDataPacketTool.m in Sources */,
				3983D0CE1FFDE353003E0DF3 /* RFIWriter.m in Sources */,
			);
			runOnlyForDeploymentPostprocessing = 0;
		};
		0D591C4A1D741B910064A90C /* Sources */ = {
			isa = PBXSourcesBuildPhase;
			buildActionMask = 2147483647;
			files = (
				0D591C531D741B910064A90C /* mpush_client_ios_OC_Tests.m in Sources */,
			);
			runOnlyForDeploymentPostprocessing = 0;
		};
		0D591C551D741B910064A90C /* Sources */ = {
			isa = PBXSourcesBuildPhase;
			buildActionMask = 2147483647;
			files = (
				0D591C5E1D741B910064A90C /* mpush_client_ios_OC_UITests.m in Sources */,
			);
			runOnlyForDeploymentPostprocessing = 0;
		};
/* End PBXSourcesBuildPhase section */

/* Begin PBXTargetDependency section */
		0D591C501D741B910064A90C /* PBXTargetDependency */ = {
			isa = PBXTargetDependency;
			target = 0D591C341D741B900064A90C /* mpush-client-ios(OC) */;
			targetProxy = 0D591C4F1D741B910064A90C /* PBXContainerItemProxy */;
		};
		0D591C5B1D741B910064A90C /* PBXTargetDependency */ = {
			isa = PBXTargetDependency;
			target = 0D591C341D741B900064A90C /* mpush-client-ios(OC) */;
			targetProxy = 0D591C5A1D741B910064A90C /* PBXContainerItemProxy */;
		};
/* End PBXTargetDependency section */

/* Begin PBXVariantGroup section */
		0D591C411D741B900064A90C /* Main.storyboard */ = {
			isa = PBXVariantGroup;
			children = (
				0D591C421D741B900064A90C /* Base */,
			);
			name = Main.storyboard;
			sourceTree = "<group>";
		};
		0D591C461D741B900064A90C /* LaunchScreen.storyboard */ = {
			isa = PBXVariantGroup;
			children = (
				0D591C471D741B900064A90C /* Base */,
			);
			name = LaunchScreen.storyboard;
			sourceTree = "<group>";
		};
/* End PBXVariantGroup section */

/* Begin XCBuildConfiguration section */
		0D591C601D741B910064A90C /* Debug */ = {
			isa = XCBuildConfiguration;
			buildSettings = {
				ALWAYS_SEARCH_USER_PATHS = NO;
				CLANG_ANALYZER_NONNULL = YES;
				CLANG_CXX_LANGUAGE_STANDARD = "gnu++0x";
				CLANG_CXX_LIBRARY = "libc++";
				CLANG_ENABLE_MODULES = YES;
				CLANG_ENABLE_OBJC_ARC = YES;
				CLANG_WARN_BOOL_CONVERSION = YES;
				CLANG_WARN_CONSTANT_CONVERSION = YES;
				CLANG_WARN_DIRECT_OBJC_ISA_USAGE = YES_ERROR;
				CLANG_WARN_EMPTY_BODY = YES;
				CLANG_WARN_ENUM_CONVERSION = YES;
				CLANG_WARN_INT_CONVERSION = YES;
				CLANG_WARN_OBJC_ROOT_CLASS = YES_ERROR;
				CLANG_WARN_UNREACHABLE_CODE = YES;
				CLANG_WARN__DUPLICATE_METHOD_MATCH = YES;
				"CODE_SIGN_IDENTITY[sdk=iphoneos*]" = "iPhone Developer";
				COPY_PHASE_STRIP = NO;
				DEBUG_INFORMATION_FORMAT = dwarf;
				ENABLE_STRICT_OBJC_MSGSEND = YES;
				ENABLE_TESTABILITY = YES;
				GCC_C_LANGUAGE_STANDARD = gnu99;
				GCC_DYNAMIC_NO_PIC = NO;
				GCC_NO_COMMON_BLOCKS = YES;
				GCC_OPTIMIZATION_LEVEL = 0;
				GCC_PREPROCESSOR_DEFINITIONS = (
					"DEBUG=1",
					"$(inherited)",
				);
				GCC_WARN_64_TO_32_BIT_CONVERSION = YES;
				GCC_WARN_ABOUT_RETURN_TYPE = YES_ERROR;
				GCC_WARN_UNDECLARED_SELECTOR = YES;
				GCC_WARN_UNINITIALIZED_AUTOS = YES_AGGRESSIVE;
				GCC_WARN_UNUSED_FUNCTION = YES;
				GCC_WARN_UNUSED_VARIABLE = YES;
				IPHONEOS_DEPLOYMENT_TARGET = 9.3;
				MTL_ENABLE_DEBUG_INFO = YES;
				ONLY_ACTIVE_ARCH = YES;
				SDKROOT = iphoneos;
			};
			name = Debug;
		};
		0D591C611D741B910064A90C /* Release */ = {
			isa = XCBuildConfiguration;
			buildSettings = {
				ALWAYS_SEARCH_USER_PATHS = NO;
				CLANG_ANALYZER_NONNULL = YES;
				CLANG_CXX_LANGUAGE_STANDARD = "gnu++0x";
				CLANG_CXX_LIBRARY = "libc++";
				CLANG_ENABLE_MODULES = YES;
				CLANG_ENABLE_OBJC_ARC = YES;
				CLANG_WARN_BOOL_CONVERSION = YES;
				CLANG_WARN_CONSTANT_CONVERSION = YES;
				CLANG_WARN_DIRECT_OBJC_ISA_USAGE = YES_ERROR;
				CLANG_WARN_EMPTY_BODY = YES;
				CLANG_WARN_ENUM_CONVERSION = YES;
				CLANG_WARN_INT_CONVERSION = YES;
				CLANG_WARN_OBJC_ROOT_CLASS = YES_ERROR;
				CLANG_WARN_UNREACHABLE_CODE = YES;
				CLANG_WARN__DUPLICATE_METHOD_MATCH = YES;
				"CODE_SIGN_IDENTITY[sdk=iphoneos*]" = "iPhone Developer";
				COPY_PHASE_STRIP = NO;
				DEBUG_INFORMATION_FORMAT = "dwarf-with-dsym";
				ENABLE_NS_ASSERTIONS = NO;
				ENABLE_STRICT_OBJC_MSGSEND = YES;
				GCC_C_LANGUAGE_STANDARD = gnu99;
				GCC_NO_COMMON_BLOCKS = YES;
				GCC_WARN_64_TO_32_BIT_CONVERSION = YES;
				GCC_WARN_ABOUT_RETURN_TYPE = YES_ERROR;
				GCC_WARN_UNDECLARED_SELECTOR = YES;
				GCC_WARN_UNINITIALIZED_AUTOS = YES_AGGRESSIVE;
				GCC_WARN_UNUSED_FUNCTION = YES;
				GCC_WARN_UNUSED_VARIABLE = YES;
				IPHONEOS_DEPLOYMENT_TARGET = 9.3;
				MTL_ENABLE_DEBUG_INFO = NO;
				SDKROOT = iphoneos;
				VALIDATE_PRODUCT = YES;
			};
			name = Release;
		};
		0D591C631D741B910064A90C /* Debug */ = {
			isa = XCBuildConfiguration;
			buildSettings = {
				ASSETCATALOG_COMPILER_APPICON_NAME = AppIcon;
				CODE_SIGN_ENTITLEMENTS = "mpush-client-ios(OC)/mpush-client-ios(OC).entitlements";
				DEVELOPMENT_TEAM = 9LW6A56WFN;
				INFOPLIST_FILE = "mpush-client-ios(OC)/Info.plist";
				LD_RUNPATH_SEARCH_PATHS = "$(inherited) @executable_path/Frameworks";
				PRODUCT_BUNDLE_IDENTIFIER = "com.bicaijia.mpush-client-ios-OC-";
				PRODUCT_NAME = "$(TARGET_NAME)";
			};
			name = Debug;
		};
		0D591C641D741B910064A90C /* Release */ = {
			isa = XCBuildConfiguration;
			buildSettings = {
				ASSETCATALOG_COMPILER_APPICON_NAME = AppIcon;
				CODE_SIGN_ENTITLEMENTS = "mpush-client-ios(OC)/mpush-client-ios(OC).entitlements";
				DEVELOPMENT_TEAM = 9LW6A56WFN;
				INFOPLIST_FILE = "mpush-client-ios(OC)/Info.plist";
				LD_RUNPATH_SEARCH_PATHS = "$(inherited) @executable_path/Frameworks";
				PRODUCT_BUNDLE_IDENTIFIER = "com.bicaijia.mpush-client-ios-OC-";
				PRODUCT_NAME = "$(TARGET_NAME)";
			};
			name = Release;
		};
		0D591C661D741B910064A90C /* Debug */ = {
			isa = XCBuildConfiguration;
			buildSettings = {
				BUNDLE_LOADER = "$(TEST_HOST)";
				INFOPLIST_FILE = "mpush-client-ios(OC)Tests/Info.plist";
				LD_RUNPATH_SEARCH_PATHS = "$(inherited) @executable_path/Frameworks @loader_path/Frameworks";
				PRODUCT_BUNDLE_IDENTIFIER = "com.bicaijia.mpush-client-ios-OC-Tests";
				PRODUCT_NAME = "$(TARGET_NAME)";
				TEST_HOST = "$(BUILT_PRODUCTS_DIR)/mpush-client-ios(OC).app/mpush-client-ios(OC)";
			};
			name = Debug;
		};
		0D591C671D741B910064A90C /* Release */ = {
			isa = XCBuildConfiguration;
			buildSettings = {
				BUNDLE_LOADER = "$(TEST_HOST)";
				INFOPLIST_FILE = "mpush-client-ios(OC)Tests/Info.plist";
				LD_RUNPATH_SEARCH_PATHS = "$(inherited) @executable_path/Frameworks @loader_path/Frameworks";
				PRODUCT_BUNDLE_IDENTIFIER = "com.bicaijia.mpush-client-ios-OC-Tests";
				PRODUCT_NAME = "$(TARGET_NAME)";
				TEST_HOST = "$(BUILT_PRODUCTS_DIR)/mpush-client-ios(OC).app/mpush-client-ios(OC)";
			};
			name = Release;
		};
		0D591C691D741B910064A90C /* Debug */ = {
			isa = XCBuildConfiguration;
			buildSettings = {
				INFOPLIST_FILE = "mpush-client-ios(OC)UITests/Info.plist";
				LD_RUNPATH_SEARCH_PATHS = "$(inherited) @executable_path/Frameworks @loader_path/Frameworks";
				PRODUCT_BUNDLE_IDENTIFIER = "com.bicaijia.mpush-client-ios-OC-UITests";
				PRODUCT_NAME = "$(TARGET_NAME)";
				TEST_TARGET_NAME = "mpush-client-ios(OC)";
			};
			name = Debug;
		};
		0D591C6A1D741B910064A90C /* Release */ = {
			isa = XCBuildConfiguration;
			buildSettings = {
				INFOPLIST_FILE = "mpush-client-ios(OC)UITests/Info.plist";
				LD_RUNPATH_SEARCH_PATHS = "$(inherited) @executable_path/Frameworks @loader_path/Frameworks";
				PRODUCT_BUNDLE_IDENTIFIER = "com.bicaijia.mpush-client-ios-OC-UITests";
				PRODUCT_NAME = "$(TARGET_NAME)";
				TEST_TARGET_NAME = "mpush-client-ios(OC)";
			};
			name = Release;
		};
/* End XCBuildConfiguration section */

/* Begin XCConfigurationList section */
		0D591C301D741B900064A90C /* Build configuration list for PBXProject "mpush-client-ios(OC)" */ = {
			isa = XCConfigurationList;
			buildConfigurations = (
				0D591C601D741B910064A90C /* Debug */,
				0D591C611D741B910064A90C /* Release */,
			);
			defaultConfigurationIsVisible = 0;
			defaultConfigurationName = Release;
		};
		0D591C621D741B910064A90C /* Build configuration list for PBXNativeTarget "mpush-client-ios(OC)" */ = {
			isa = XCConfigurationList;
			buildConfigurations = (
				0D591C631D741B910064A90C /* Debug */,
				0D591C641D741B910064A90C /* Release */,
			);
			defaultConfigurationIsVisible = 0;
			defaultConfigurationName = Release;
		};
		0D591C651D741B910064A90C /* Build configuration list for PBXNativeTarget "mpush-client-ios(OC)Tests" */ = {
			isa = XCConfigurationList;
			buildConfigurations = (
				0D591C661D741B910064A90C /* Debug */,
				0D591C671D741B910064A90C /* Release */,
			);
			defaultConfigurationIsVisible = 0;
			defaultConfigurationName = Release;
		};
		0D591C681D741B910064A90C /* Build configuration list for PBXNativeTarget "mpush-client-ios(OC)UITests" */ = {
			isa = XCConfigurationList;
			buildConfigurations = (
				0D591C691D741B910064A90C /* Debug */,
				0D591C6A1D741B910064A90C /* Release */,
			);
			defaultConfigurationIsVisible = 0;
			defaultConfigurationName = Release;
		};
/* End XCConfigurationList section */
	};
	rootObject = 0D591C2D1D741B900064A90C /* Project object */;
}
