// !$*UTF8*$!
{
	archiveVersion = 1;
	classes = {
	};
	objectVersion = 46;
	objects = {

/* Begin PBXBuildFile section */
		0D591C3A1D741B900064A90C /* main.m in Sources */ = {isa = PBXBuildFile; fileRef = 0D591C391D741B900064A90C /* main.m */; };
		0D591C3D1D741B900064A90C /* AppDelegate.m in Sources */ = {isa = PBXBuildFile; fileRef = 0D591C3C1D741B900064A90C /* AppDelegate.m */; };
		0D591C401D741B900064A90C /* ViewController.m in Sources */ = {isa = PBXBuildFile; fileRef = 0D591C3F1D741B900064A90C /* ViewController.m */; };
		0D591C431D741B900064A90C /* Main.storyboard in Resources */ = {isa = PBXBuildFile; fileRef = 0D591C411D741B900064A90C /* Main.storyboard */; };
		0D591C451D741B900064A90C /* Assets.xcassets in Resources */ = {isa = PBXBuildFile; fileRef = 0D591C441D741B900064A90C /* Assets.xcassets */; };
		0D591C481D741B900064A90C /* LaunchScreen.storyboard in Resources */ = {isa = PBXBuildFile; fileRef = 0D591C461D741B900064A90C /* LaunchScreen.storyboard */; };
		0D591C531D741B910064A90C /* mpush_client_ios_OC_Tests.m in Sources */ = {isa = PBXBuildFile; fileRef = 0D591C521D741B910064A90C /* mpush_client_ios_OC_Tests.m */; };
		0D591C5E1D741B910064A90C /* mpush_client_ios_OC_UITests.m in Sources */ = {isa = PBXBuildFile; fileRef = 0D591C5D1D741B910064A90C /* mpush_client_ios_OC_UITests.m */; };
		0D591CA11D74266A0064A90C /* libz.tbd in Frameworks */ = {isa = PBXBuildFile; fileRef = 0D591CA01D74266A0064A90C /* libz.tbd */; };
		39ADFB5620030782003D4A1F /* AFHTTPSessionManager.m in Sources */ = {isa = PBXBuildFile; fileRef = 39ADFB1F20030782003D4A1F /* AFHTTPSessionManager.m */; };
		39ADFB5720030782003D4A1F /* AFNetworkReachabilityManager.m in Sources */ = {isa = PBXBuildFile; fileRef = 39ADFB2220030782003D4A1F /* AFNetworkReachabilityManager.m */; };
		39ADFB5820030782003D4A1F /* AFSecurityPolicy.m in Sources */ = {isa = PBXBuildFile; fileRef = 39ADFB2420030782003D4A1F /* AFSecurityPolicy.m */; };
		39ADFB5920030782003D4A1F /* AFURLRequestSerialization.m in Sources */ = {isa = PBXBuildFile; fileRef = 39ADFB2620030782003D4A1F /* AFURLRequestSerialization.m */; };
		39ADFB5A20030782003D4A1F /* AFURLResponseSerialization.m in Sources */ = {isa = PBXBuildFile; fileRef = 39ADFB2820030782003D4A1F /* AFURLResponseSerialization.m */; };
		39ADFB5B20030782003D4A1F /* AFURLSessionManager.m in Sources */ = {isa = PBXBuildFile; fileRef = 39ADFB2A20030782003D4A1F /* AFURLSessionManager.m */; };
		39ADFB5C20030782003D4A1F /* GCDAsyncSocket.m in Sources */ = {isa = PBXBuildFile; fileRef = 39ADFB2D20030782003D4A1F /* GCDAsyncSocket.m */; };
		39ADFB5D20030782003D4A1F /* GSKeyChain.m in Sources */ = {isa = PBXBuildFile; fileRef = 39ADFB3020030782003D4A1F /* GSKeyChain.m */; };
		39ADFB5E20030782003D4A1F /* GSKeyChainDataManager.m in Sources */ = {isa = PBXBuildFile; fileRef = 39ADFB3220030782003D4A1F /* GSKeyChainDataManager.m */; };
		39ADFB5F20030782003D4A1F /* LFCGzipUtility.m in Sources */ = {isa = PBXBuildFile; fileRef = 39ADFB3520030782003D4A1F /* LFCGzipUtility.m */; };
		39ADFB6020030782003D4A1F /* SVIndefiniteAnimatedView.m in Sources */ = {isa = PBXBuildFile; fileRef = 39ADFB3820030782003D4A1F /* SVIndefiniteAnimatedView.m */; };
		39ADFB6120030782003D4A1F /* SVProgressAnimatedView.m in Sources */ = {isa = PBXBuildFile; fileRef = 39ADFB3A20030782003D4A1F /* SVProgressAnimatedView.m */; };
		39ADFB6220030782003D4A1F /* SVProgressHUD.bundle in Resources */ = {isa = PBXBuildFile; fileRef = 39ADFB3C20030782003D4A1F /* SVProgressHUD.bundle */; };
		39ADFB6320030782003D4A1F /* SVProgressHUD.m in Sources */ = {isa = PBXBuildFile; fileRef = 39ADFB3E20030782003D4A1F /* SVProgressHUD.m */; };
		39ADFB6420030782003D4A1F /* SVRadialGradientLayer.m in Sources */ = {isa = PBXBuildFile; fileRef = 39ADFB4020030782003D4A1F /* SVRadialGradientLayer.m */; };
		39ADFB6A20030782003D4A1F /* MPMessageHandler.m in Sources */ = {isa = PBXBuildFile; fileRef = 39ADFB4D20030782003D4A1F /* MPMessageHandler.m */; };
		39ADFB6C20030782003D4A1F /* RFIReader.m in Sources */ = {isa = PBXBuildFile; fileRef = 39ADFB5320030782003D4A1F /* RFIReader.m */; };
		39ADFB6D20030782003D4A1F /* RFIWriter.m in Sources */ = {isa = PBXBuildFile; fileRef = 39ADFB5520030782003D4A1F /* RFIWriter.m */; };
		39ADFB7520030829003D4A1F /* MPAesCipher.m in Sources */ = {isa = PBXBuildFile; fileRef = 39ADFB7020030829003D4A1F /* MPAesCipher.m */; };
		39ADFB7620030829003D4A1F /* MPCipherBox.m in Sources */ = {isa = PBXBuildFile; fileRef = 39ADFB7220030829003D4A1F /* MPCipherBox.m */; };
		39ADFB7720030829003D4A1F /* RSA.m in Sources */ = {isa = PBXBuildFile; fileRef = 39ADFB7420030829003D4A1F /* RSA.m */; };
		39ADFB7F2003087D003D4A1F /* MessageDataPacketTool.m in Sources */ = {isa = PBXBuildFile; fileRef = 39ADFB7A2003087D003D4A1F /* MessageDataPacketTool.m */; };
		39ADFB802003087D003D4A1F /* MPAllotClient.m in Sources */ = {isa = PBXBuildFile; fileRef = 39ADFB7C2003087D003D4A1F /* MPAllotClient.m */; };
		39ADFB812003087D003D4A1F /* MPSessionStorage.m in Sources */ = {isa = PBXBuildFile; fileRef = 39ADFB7E2003087D003D4A1F /* MPSessionStorage.m */; };
/* End PBXBuildFile section */

/* Begin PBXContainerItemProxy section */
		0D591C4F1D741B910064A90C /* PBXContainerItemProxy */ = {
			isa = PBXContainerItemProxy;
			containerPortal = 0D591C2D1D741B900064A90C /* Project object */;
			proxyType = 1;
			remoteGlobalIDString = 0D591C341D741B900064A90C;
			remoteInfo = "mpush-client-ios(OC)";
		};
		0D591C5A1D741B910064A90C /* PBXContainerItemProxy */ = {
			isa = PBXContainerItemProxy;
			containerPortal = 0D591C2D1D741B900064A90C /* Project object */;
			proxyType = 1;
			remoteGlobalIDString = 0D591C341D741B900064A90C;
			remoteInfo = "mpush-client-ios(OC)";
		};
/* End PBXContainerItemProxy section */

/* Begin PBXFileReference section */
		0D591C351D741B900064A90C /* mpush-client-ios(OC).app */ = {isa = PBXFileReference; explicitFileType = wrapper.application; includeInIndex = 0; path = "mpush-client-ios(OC).app"; sourceTree = BUILT_PRODUCTS_DIR; };
		0D591C391D741B900064A90C /* main.m */ = {isa = PBXFileReference; lastKnownFileType = sourcecode.c.objc; path = main.m; sourceTree = "<group>"; };
		0D591C3B1D741B900064A90C /* AppDelegate.h */ = {isa = PBXFileReference; lastKnownFileType = sourcecode.c.h; path = AppDelegate.h; sourceTree = "<group>"; };
		0D591C3C1D741B900064A90C /* AppDelegate.m */ = {isa = PBXFileReference; lastKnownFileType = sourcecode.c.objc; path = AppDelegate.m; sourceTree = "<group>"; };
		0D591C3E1D741B900064A90C /* ViewController.h */ = {isa = PBXFileReference; lastKnownFileType = sourcecode.c.h; path = ViewController.h; sourceTree = "<group>"; };
		0D591C3F1D741B900064A90C /* ViewController.m */ = {isa = PBXFileReference; lastKnownFileType = sourcecode.c.objc; path = ViewController.m; sourceTree = "<group>"; };
		0D591C421D741B900064A90C /* Base */ = {isa = PBXFileReference; lastKnownFileType = file.storyboard; name = Base; path = Base.lproj/Main.storyboard; sourceTree = "<group>"; };
		0D591C441D741B900064A90C /* Assets.xcassets */ = {isa = PBXFileReference; lastKnownFileType = folder.assetcatalog; path = Assets.xcassets; sourceTree = "<group>"; };
		0D591C471D741B900064A90C /* Base */ = {isa = PBXFileReference; lastKnownFileType = file.storyboard; name = Base; path = Base.lproj/LaunchScreen.storyboard; sourceTree = "<group>"; };
		0D591C491D741B900064A90C /* Info.plist */ = {isa = PBXFileReference; lastKnownFileType = text.plist.xml; path = Info.plist; sourceTree = "<group>"; };
		0D591C4E1D741B910064A90C /* mpush-client-ios(OC)Tests.xctest */ = {isa = PBXFileReference; explicitFileType = wrapper.cfbundle; includeInIndex = 0; path = "mpush-client-ios(OC)Tests.xctest"; sourceTree = BUILT_PRODUCTS_DIR; };
		0D591C521D741B910064A90C /* mpush_client_ios_OC_Tests.m */ = {isa = PBXFileReference; lastKnownFileType = sourcecode.c.objc; path = mpush_client_ios_OC_Tests.m; sourceTree = "<group>"; };
		0D591C541D741B910064A90C /* Info.plist */ = {isa = PBXFileReference; lastKnownFileType = text.plist.xml; path = Info.plist; sourceTree = "<group>"; };
		0D591C591D741B910064A90C /* mpush-client-ios(OC)UITests.xctest */ = {isa = PBXFileReference; explicitFileType = wrapper.cfbundle; includeInIndex = 0; path = "mpush-client-ios(OC)UITests.xctest"; sourceTree = BUILT_PRODUCTS_DIR; };
		0D591C5D1D741B910064A90C /* mpush_client_ios_OC_UITests.m */ = {isa = PBXFileReference; lastKnownFileType = sourcecode.c.objc; path = mpush_client_ios_OC_UITests.m; sourceTree = "<group>"; };
		0D591C5F1D741B910064A90C /* Info.plist */ = {isa = PBXFileReference; lastKnownFileType = text.plist.xml; path = Info.plist; sourceTree = "<group>"; };
		0D591CA01D74266A0064A90C /* libz.tbd */ = {isa = PBXFileReference; lastKnownFileType = "sourcecode.text-based-dylib-definition"; name = libz.tbd; path = usr/lib/libz.tbd; sourceTree = SDKROOT; };
		0D7F420B1DAA47CB008D1F85 /* mpush-client-ios(OC).entitlements */ = {isa = PBXFileReference; lastKnownFileType = text.plist.entitlements; path = "mpush-client-ios(OC).entitlements"; sourceTree = "<group>"; };
		39ADFB1E20030782003D4A1F /* AFHTTPSessionManager.h */ = {isa = PBXFileReference; fileEncoding = 4; lastKnownFileType = sourcecode.c.h; path = AFHTTPSessionManager.h; sourceTree = "<group>"; };
		39ADFB1F20030782003D4A1F /* AFHTTPSessionManager.m */ = {isa = PBXFileReference; fileEncoding = 4; lastKnownFileType = sourcecode.c.objc; path = AFHTTPSessionManager.m; sourceTree = "<group>"; };
		39ADFB2020030782003D4A1F /* AFNetworking.h */ = {isa = PBXFileReference; fileEncoding = 4; lastKnownFileType = sourcecode.c.h; path = AFNetworking.h; sourceTree = "<group>"; };
		39ADFB2120030782003D4A1F /* AFNetworkReachabilityManager.h */ = {isa = PBXFileReference; fileEncoding = 4; lastKnownFileType = sourcecode.c.h; path = AFNetworkReachabilityManager.h; sourceTree = "<group>"; };
		39ADFB2220030782003D4A1F /* AFNetworkReachabilityManager.m */ = {isa = PBXFileReference; fileEncoding = 4; lastKnownFileType = sourcecode.c.objc; path = AFNetworkReachabilityManager.m; sourceTree = "<group>"; };
		39ADFB2320030782003D4A1F /* AFSecurityPolicy.h */ = {isa = PBXFileReference; fileEncoding = 4; lastKnownFileType = sourcecode.c.h; path = AFSecurityPolicy.h; sourceTree = "<group>"; };
		39ADFB2420030782003D4A1F /* AFSecurityPolicy.m */ = {isa = PBXFileReference; fileEncoding = 4; lastKnownFileType = sourcecode.c.objc; path = AFSecurityPolicy.m; sourceTree = "<group>"; };
		39ADFB2520030782003D4A1F /* AFURLRequestSerialization.h */ = {isa = PBXFileReference; fileEncoding = 4; lastKnownFileType = sourcecode.c.h; path = AFURLRequestSerialization.h; sourceTree = "<group>"; };
		39ADFB2620030782003D4A1F /* AFURLRequestSerialization.m */ = {isa = PBXFileReference; fileEncoding = 4; lastKnownFileType = sourcecode.c.objc; path = AFURLRequestSerialization.m; sourceTree = "<group>"; };
		39ADFB2720030782003D4A1F /* AFURLResponseSerialization.h */ = {isa = PBXFileReference; fileEncoding = 4; lastKnownFileType = sourcecode.c.h; path = AFURLResponseSerialization.h; sourceTree = "<group>"; };
		39ADFB2820030782003D4A1F /* AFURLResponseSerialization.m */ = {isa = PBXFileReference; fileEncoding = 4; lastKnownFileType = sourcecode.c.objc; path = AFURLResponseSerialization.m; sourceTree = "<group>"; };
		39ADFB2920030782003D4A1F /* AFURLSessionManager.h */ = {isa = PBXFileReference; fileEncoding = 4; lastKnownFileType = sourcecode.c.h; path = AFURLSessionManager.h; sourceTree = "<group>"; };
		39ADFB2A20030782003D4A1F /* AFURLSessionManager.m */ = {isa = PBXFileReference; fileEncoding = 4; lastKnownFileType = sourcecode.c.objc; path = AFURLSessionManager.m; sourceTree = "<group>"; };
		39ADFB2C20030782003D4A1F /* GCDAsyncSocket.h */ = {isa = PBXFileReference; fileEncoding = 4; lastKnownFileType = sourcecode.c.h; path = GCDAsyncSocket.h; sourceTree = "<group>"; };
		39ADFB2D20030782003D4A1F /* GCDAsyncSocket.m */ = {isa = PBXFileReference; fileEncoding = 4; lastKnownFileType = sourcecode.c.objc; path = GCDAsyncSocket.m; sourceTree = "<group>"; };
		39ADFB2F20030782003D4A1F /* GSKeyChain.h */ = {isa = PBXFileReference; fileEncoding = 4; lastKnownFileType = sourcecode.c.h; path = GSKeyChain.h; sourceTree = "<group>"; };
		39ADFB3020030782003D4A1F /* GSKeyChain.m */ = {isa = PBXFileReference; fileEncoding = 4; lastKnownFileType = sourcecode.c.objc; path = GSKeyChain.m; sourceTree = "<group>"; };
		39ADFB3120030782003D4A1F /* GSKeyChainDataManager.h */ = {isa = PBXFileReference; fileEncoding = 4; lastKnownFileType = sourcecode.c.h; path = GSKeyChainDataManager.h; sourceTree = "<group>"; };
		39ADFB3220030782003D4A1F /* GSKeyChainDataManager.m */ = {isa = PBXFileReference; fileEncoding = 4; lastKnownFileType = sourcecode.c.objc; path = GSKeyChainDataManager.m; sourceTree = "<group>"; };
		39ADFB3420030782003D4A1F /* LFCGzipUtility.h */ = {isa = PBXFileReference; fileEncoding = 4; lastKnownFileType = sourcecode.c.h; path = LFCGzipUtility.h; sourceTree = "<group>"; };
		39ADFB3520030782003D4A1F /* LFCGzipUtility.m */ = {isa = PBXFileReference; fileEncoding = 4; lastKnownFileType = sourcecode.c.objc; path = LFCGzipUtility.m; sourceTree = "<group>"; };
		39ADFB3720030782003D4A1F /* SVIndefiniteAnimatedView.h */ = {isa = PBXFileReference; fileEncoding = 4; lastKnownFileType = sourcecode.c.h; path = SVIndefiniteAnimatedView.h; sourceTree = "<group>"; };
		39ADFB3820030782003D4A1F /* SVIndefiniteAnimatedView.m */ = {isa = PBXFileReference; fileEncoding = 4; lastKnownFileType = sourcecode.c.objc; path = SVIndefiniteAnimatedView.m; sourceTree = "<group>"; };
		39ADFB3920030782003D4A1F /* SVProgressAnimatedView.h */ = {isa = PBXFileReference; fileEncoding = 4; lastKnownFileType = sourcecode.c.h; path = SVProgressAnimatedView.h; sourceTree = "<group>"; };
		39ADFB3A20030782003D4A1F /* SVProgressAnimatedView.m */ = {isa = PBXFileReference; fileEncoding = 4; lastKnownFileType = sourcecode.c.objc; path = SVProgressAnimatedView.m; sourceTree = "<group>"; };
		39ADFB3B20030782003D4A1F /* SVProgressHUD-Prefix.pch */ = {isa = PBXFileReference; fileEncoding = 4; lastKnownFileType = sourcecode.c.h; path = "SVProgressHUD-Prefix.pch"; sourceTree = "<group>"; };
		39ADFB3C20030782003D4A1F /* SVProgressHUD.bundle */ = {isa = PBXFileReference; lastKnownFileType = "wrapper.plug-in"; path = SVProgressHUD.bundle; sourceTree = "<group>"; };
		39ADFB3D20030782003D4A1F /* SVProgressHUD.h */ = {isa = PBXFileReference; fileEncoding = 4; lastKnownFileType = sourcecode.c.h; path = SVProgressHUD.h; sourceTree = "<group>"; };
		39ADFB3E20030782003D4A1F /* SVProgressHUD.m */ = {isa = PBXFileReference; fileEncoding = 4; lastKnownFileType = sourcecode.c.objc; path = SVProgressHUD.m; sourceTree = "<group>"; };
		39ADFB3F20030782003D4A1F /* SVRadialGradientLayer.h */ = {isa = PBXFileReference; fileEncoding = 4; lastKnownFileType = sourcecode.c.h; path = SVRadialGradientLayer.h; sourceTree = "<group>"; };
		39ADFB4020030782003D4A1F /* SVRadialGradientLayer.m */ = {isa = PBXFileReference; fileEncoding = 4; lastKnownFileType = sourcecode.c.objc; path = SVRadialGradientLayer.m; sourceTree = "<group>"; };
		39ADFB4C20030782003D4A1F /* MPMessageHandler.h */ = {isa = PBXFileReference; fileEncoding = 4; lastKnownFileType = sourcecode.c.h; path = MPMessageHandler.h; sourceTree = "<group>"; };
		39ADFB4D20030782003D4A1F /* MPMessageHandler.m */ = {isa = PBXFileReference; fileEncoding = 4; lastKnownFileType = sourcecode.c.objc; path = MPMessageHandler.m; sourceTree = "<group>"; };
		39ADFB5020030782003D4A1F /* Mpush.h */ = {isa = PBXFileReference; fileEncoding = 4; lastKnownFileType = sourcecode.c.h; path = Mpush.h; sourceTree = "<group>"; };
		39ADFB5220030782003D4A1F /* RFIReader.h */ = {isa = PBXFileReference; fileEncoding = 4; lastKnownFileType = sourcecode.c.h; path = RFIReader.h; sourceTree = "<group>"; };
		39ADFB5320030782003D4A1F /* RFIReader.m */ = {isa = PBXFileReference; fileEncoding = 4; lastKnownFileType = sourcecode.c.objc; path = RFIReader.m; sourceTree = "<group>"; };
		39ADFB5420030782003D4A1F /* RFIWriter.h */ = {isa = PBXFileReference; fileEncoding = 4; lastKnownFileType = sourcecode.c.h; path = RFIWriter.h; sourceTree = "<group>"; };
		39ADFB5520030782003D4A1F /* RFIWriter.m */ = {isa = PBXFileReference; fileEncoding = 4; lastKnownFileType = sourcecode.c.objc; path = RFIWriter.m; sourceTree = "<group>"; };
		39ADFB6F20030829003D4A1F /* MPAesCipher.h */ = {isa = PBXFileReference; fileEncoding = 4; lastKnownFileType = sourcecode.c.h; path = MPAesCipher.h; sourceTree = "<group>"; };
		39ADFB7020030829003D4A1F /* MPAesCipher.m */ = {isa = PBXFileReference; fileEncoding = 4; lastKnownFileType = sourcecode.c.objc; path = MPAesCipher.m; sourceTree = "<group>"; };
		39ADFB7120030829003D4A1F /* MPCipherBox.h */ = {isa = PBXFileReference; fileEncoding = 4; lastKnownFileType = sourcecode.c.h; path = MPCipherBox.h; sourceTree = "<group>"; };
		39ADFB7220030829003D4A1F /* MPCipherBox.m */ = {isa = PBXFileReference; fileEncoding = 4; lastKnownFileType = sourcecode.c.objc; path = MPCipherBox.m; sourceTree = "<group>"; };
		39ADFB7320030829003D4A1F /* RSA.h */ = {isa = PBXFileReference; fileEncoding = 4; lastKnownFileType = sourcecode.c.h; path = RSA.h; sourceTree = "<group>"; };
		39ADFB7420030829003D4A1F /* RSA.m */ = {isa = PBXFileReference; fileEncoding = 4; lastKnownFileType = sourcecode.c.objc; path = RSA.m; sourceTree = "<group>"; };
		39ADFB792003087D003D4A1F /* MessageDataPacketTool.h */ = {isa = PBXFileReference; fileEncoding = 4; lastKnownFileType = sourcecode.c.h; path = MessageDataPacketTool.h; sourceTree = "<group>"; };
		39ADFB7A2003087D003D4A1F /* MessageDataPacketTool.m */ = {isa = PBXFileReference; fileEncoding = 4; lastKnownFileType = sourcecode.c.objc; path = MessageDataPacketTool.m; sourceTree = "<group>"; };
		39ADFB7B2003087D003D4A1F /* MPAllotClient.h */ = {isa = PBXFileReference; fileEncoding = 4; lastKnownFileType = sourcecode.c.h; path = MPAllotClient.h; sourceTree = "<group>"; };
		39ADFB7C2003087D003D4A1F /* MPAllotClient.m */ = {isa = PBXFileReference; fileEncoding = 4; lastKnownFileType = sourcecode.c.objc; path = MPAllotClient.m; sourceTree = "<group>"; };
		39ADFB7D2003087D003D4A1F /* MPSessionStorage.h */ = {isa = PBXFileReference; fileEncoding = 4; lastKnownFileType = sourcecode.c.h; path = MPSessionStorage.h; sourceTree = "<group>"; };
		39ADFB7E2003087D003D4A1F /* MPSessionStorage.m */ = {isa = PBXFileReference; fileEncoding = 4; lastKnownFileType = sourcecode.c.objc; path = MPSessionStorage.m; sourceTree = "<group>"; };
/* End PBXFileReference section */

/* Begin PBXFrameworksBuildPhase section */
		0D591C321D741B900064A90C /* Frameworks */ = {
			isa = PBXFrameworksBuildPhase;
			buildActionMask = 2147483647;
			files = (
				0D591CA11D74266A0064A90C /* libz.tbd in Frameworks */,
			);
			runOnlyForDeploymentPostprocessing = 0;
		};
		0D591C4B1D741B910064A90C /* Frameworks */ = {
			isa = PBXFrameworksBuildPhase;
			buildActionMask = 2147483647;
			files = (
			);
			runOnlyForDeploymentPostprocessing = 0;
		};
		0D591C561D741B910064A90C /* Frameworks */ = {
			isa = PBXFrameworksBuildPhase;
			buildActionMask = 2147483647;
			files = (
			);
			runOnlyForDeploymentPostprocessing = 0;
		};
/* End PBXFrameworksBuildPhase section */

/* Begin PBXGroup section */
		0D591C2C1D741B900064A90C = {
			isa = PBXGroup;
			children = (
				0D591CA01D74266A0064A90C /* libz.tbd */,
				0D591C371D741B900064A90C /* mpush-client-ios(OC) */,
				0D591C511D741B910064A90C /* mpush-client-ios(OC)Tests */,
				0D591C5C1D741B910064A90C /* mpush-client-ios(OC)UITests */,
				0D591C361D741B900064A90C /* Products */,
			);
			sourceTree = "<group>";
		};
		0D591C361D741B900064A90C /* Products */ = {
			isa = PBXGroup;
			children = (
				0D591C351D741B900064A90C /* mpush-client-ios(OC).app */,
				0D591C4E1D741B910064A90C /* mpush-client-ios(OC)Tests.xctest */,
				0D591C591D741B910064A90C /* mpush-client-ios(OC)UITests.xctest */,
			);
			name = Products;
			sourceTree = "<group>";
		};
		0D591C371D741B900064A90C /* mpush-client-ios(OC) */ = {
			isa = PBXGroup;
			children = (
				0D7F420B1DAA47CB008D1F85 /* mpush-client-ios(OC).entitlements */,
				39ADFB1B20030782003D4A1F /* Mpush */,
				0D591C3B1D741B900064A90C /* AppDelegate.h */,
				0D591C3C1D741B900064A90C /* AppDelegate.m */,
				0D591C3E1D741B900064A90C /* ViewController.h */,
				0D591C3F1D741B900064A90C /* ViewController.m */,
				0D591C411D741B900064A90C /* Main.storyboard */,
				0D591C441D741B900064A90C /* Assets.xcassets */,
				0D591C461D741B900064A90C /* LaunchScreen.storyboard */,
				0D591C491D741B900064A90C /* Info.plist */,
				39ADFB3620030782003D4A1F /* SVProgressHUD */,
				0D591C381D741B900064A90C /* Supporting Files */,
			);
			path = "mpush-client-ios(OC)";
			sourceTree = "<group>";
		};
		0D591C381D741B900064A90C /* Supporting Files */ = {
			isa = PBXGroup;
			children = (
				0D591C391D741B900064A90C /* main.m */,
			);
			name = "Supporting Files";
			sourceTree = "<group>";
		};
		0D591C511D741B910064A90C /* mpush-client-ios(OC)Tests */ = {
			isa = PBXGroup;
			children = (
				0D591C521D741B910064A90C /* mpush_client_ios_OC_Tests.m */,
				0D591C541D741B910064A90C /* Info.plist */,
			);
			path = "mpush-client-ios(OC)Tests";
			sourceTree = "<group>";
		};
		0D591C5C1D741B910064A90C /* mpush-client-ios(OC)UITests */ = {
			isa = PBXGroup;
			children = (
				0D591C5D1D741B910064A90C /* mpush_client_ios_OC_UITests.m */,
				0D591C5F1D741B910064A90C /* Info.plist */,
			);
			path = "mpush-client-ios(OC)UITests";
			sourceTree = "<group>";
		};
		39ADFB1B20030782003D4A1F /* Mpush */ = {
			isa = PBXGroup;
			children = (
				39ADFB4C20030782003D4A1F /* MPMessageHandler.h */,
				39ADFB4D20030782003D4A1F /* MPMessageHandler.m */,
				39ADFB5020030782003D4A1F /* Mpush.h */,
				39ADFB782003087D003D4A1F /* DataPacket */,
				39ADFB6E20030829003D4A1F /* MPCipherBox */,
				39ADFB1C20030782003D4A1F /* 3rdLib */,
				39ADFB5120030782003D4A1F /* RFIReader */,
			);
			name = Mpush;
			path = Class/Mpush;
			sourceTree = "<group>";
		};
		39ADFB1C20030782003D4A1F /* 3rdLib */ = {
			isa = PBXGroup;
			children = (
				39ADFB1D20030782003D4A1F /* AFNetworking */,
				39ADFB2B20030782003D4A1F /* CocoaAsyncSocket */,
				39ADFB2E20030782003D4A1F /* GSKeyChain */,
				39ADFB3320030782003D4A1F /* LFCGzipUtility */,
			);
			path = 3rdLib;
			sourceTree = "<group>";
		};
		39ADFB1D20030782003D4A1F /* AFNetworking */ = {
			isa = PBXGroup;
			children = (
				39ADFB1E20030782003D4A1F /* AFHTTPSessionManager.h */,
				39ADFB1F20030782003D4A1F /* AFHTTPSessionManager.m */,
				39ADFB2020030782003D4A1F /* AFNetworking.h */,
				39ADFB2120030782003D4A1F /* AFNetworkReachabilityManager.h */,
				39ADFB2220030782003D4A1F /* AFNetworkReachabilityManager.m */,
				39ADFB2320030782003D4A1F /* AFSecurityPolicy.h */,
				39ADFB2420030782003D4A1F /* AFSecurityPolicy.m */,
				39ADFB2520030782003D4A1F /* AFURLRequestSerialization.h */,
				39ADFB2620030782003D4A1F /* AFURLRequestSerialization.m */,
				39ADFB2720030782003D4A1F /* AFURLResponseSerialization.h */,
				39ADFB2820030782003D4A1F /* AFURLResponseSerialization.m */,
				39ADFB2920030782003D4A1F /* AFURLSessionManager.h */,
				39ADFB2A20030782003D4A1F /* AFURLSessionManager.m */,
			);
			path = AFNetworking;
			sourceTree = "<group>";
		};
		39ADFB2B20030782003D4A1F /* CocoaAsyncSocket */ = {
			isa = PBXGroup;
			children = (
				39ADFB2C20030782003D4A1F /* GCDAsyncSocket.h */,
				39ADFB2D20030782003D4A1F /* GCDAsyncSocket.m */,
			);
			path = CocoaAsyncSocket;
			sourceTree = "<group>";
		};
		39ADFB2E20030782003D4A1F /* GSKeyChain */ = {
			isa = PBXGroup;
			children = (
				39ADFB2F20030782003D4A1F /* GSKeyChain.h */,
				39ADFB3020030782003D4A1F /* GSKeyChain.m */,
				39ADFB3120030782003D4A1F /* GSKeyChainDataManager.h */,
				39ADFB3220030782003D4A1F /* GSKeyChainDataManager.m */,
			);
			path = GSKeyChain;
			sourceTree = "<group>";
		};
		39ADFB3320030782003D4A1F /* LFCGzipUtility */ = {
			isa = PBXGroup;
			children = (
				39ADFB3420030782003D4A1F /* LFCGzipUtility.h */,
				39ADFB3520030782003D4A1F /* LFCGzipUtility.m */,
			);
			path = LFCGzipUtility;
			sourceTree = "<group>";
		};
		39ADFB3620030782003D4A1F /* SVProgressHUD */ = {
			isa = PBXGroup;
			children = (
				39ADFB3720030782003D4A1F /* SVIndefiniteAnimatedView.h */,
				39ADFB3820030782003D4A1F /* SVIndefiniteAnimatedView.m */,
				39ADFB3920030782003D4A1F /* SVProgressAnimatedView.h */,
				39ADFB3A20030782003D4A1F /* SVProgressAnimatedView.m */,
				39ADFB3B20030782003D4A1F /* SVProgressHUD-Prefix.pch */,
				39ADFB3C20030782003D4A1F /* SVProgressHUD.bundle */,
				39ADFB3D20030782003D4A1F /* SVProgressHUD.h */,
				39ADFB3E20030782003D4A1F /* SVProgressHUD.m */,
				39ADFB3F20030782003D4A1F /* SVRadialGradientLayer.h */,
				39ADFB4020030782003D4A1F /* SVRadialGradientLayer.m */,
			);
			path = SVProgressHUD;
			sourceTree = "<group>";
		};
		39ADFB5120030782003D4A1F /* RFIReader */ = {
			isa = PBXGroup;
			children = (
				39ADFB5220030782003D4A1F /* RFIReader.h */,
				39ADFB5320030782003D4A1F /* RFIReader.m */,
				39ADFB5420030782003D4A1F /* RFIWriter.h */,
				39ADFB5520030782003D4A1F /* RFIWriter.m */,
			);
			path = RFIReader;
			sourceTree = "<group>";
		};
		39ADFB6E20030829003D4A1F /* MPCipherBox */ = {
			isa = PBXGroup;
			children = (
				39ADFB6F20030829003D4A1F /* MPAesCipher.h */,
				39ADFB7020030829003D4A1F /* MPAesCipher.m */,
				39ADFB7120030829003D4A1F /* MPCipherBox.h */,
				39ADFB7220030829003D4A1F /* MPCipherBox.m */,
				39ADFB7320030829003D4A1F /* RSA.h */,
				39ADFB7420030829003D4A1F /* RSA.m */,
			);
			path = MPCipherBox;
			sourceTree = "<group>";
		};
		39ADFB782003087D003D4A1F /* DataPacket */ = {
			isa = PBXGroup;
			children = (
				39ADFB792003087D003D4A1F /* MessageDataPacketTool.h */,
				39ADFB7A2003087D003D4A1F /* MessageDataPacketTool.m */,
				39ADFB7B2003087D003D4A1F /* MPAllotClient.h */,
				39ADFB7C2003087D003D4A1F /* MPAllotClient.m */,
				39ADFB7D2003087D003D4A1F /* MPSessionStorage.h */,
				39ADFB7E2003087D003D4A1F /* MPSessionStorage.m */,
			);
			path = DataPacket;
			sourceTree = "<group>";
		};
/* End PBXGroup section */

/* Begin PBXNativeTarget section */
		0D591C341D741B900064A90C /* mpush-client-ios(OC) */ = {
			isa = PBXNativeTarget;
			buildConfigurationList = 0D591C621D741B910064A90C /* Build configuration list for PBXNativeTarget "mpush-client-ios(OC)" */;
			buildPhases = (
				0D591C311D741B900064A90C /* Sources */,
				0D591C321D741B900064A90C /* Frameworks */,
				0D591C331D741B900064A90C /* Resources */,
			);
			buildRules = (
			);
			dependencies = (
			);
			name = "mpush-client-ios(OC)";
			productName = "mpush-client-ios(OC)";
			productReference = 0D591C351D741B900064A90C /* mpush-client-ios(OC).app */;
			productType = "com.apple.product-type.application";
		};
		0D591C4D1D741B910064A90C /* mpush-client-ios(OC)Tests */ = {
			isa = PBXNativeTarget;
			buildConfigurationList = 0D591C651D741B910064A90C /* Build configuration list for PBXNativeTarget "mpush-client-ios(OC)Tests" */;
			buildPhases = (
				0D591C4A1D741B910064A90C /* Sources */,
				0D591C4B1D741B910064A90C /* Frameworks */,
				0D591C4C1D741B910064A90C /* Resources */,
			);
			buildRules = (
			);
			dependencies = (
				0D591C501D741B910064A90C /* PBXTargetDependency */,
			);
			name = "mpush-client-ios(OC)Tests";
			productName = "mpush-client-ios(OC)Tests";
			productReference = 0D591C4E1D741B910064A90C /* mpush-client-ios(OC)Tests.xctest */;
			productType = "com.apple.product-type.bundle.unit-test";
		};
		0D591C581D741B910064A90C /* mpush-client-ios(OC)UITests */ = {
			isa = PBXNativeTarget;
			buildConfigurationList = 0D591C681D741B910064A90C /* Build configuration list for PBXNativeTarget "mpush-client-ios(OC)UITests" */;
			buildPhases = (
				0D591C551D741B910064A90C /* Sources */,
				0D591C561D741B910064A90C /* Frameworks */,
				0D591C571D741B910064A90C /* Resources */,
			);
			buildRules = (
			);
			dependencies = (
				0D591C5B1D741B910064A90C /* PBXTargetDependency */,
			);
			name = "mpush-client-ios(OC)UITests";
			productName = "mpush-client-ios(OC)UITests";
			productReference = 0D591C591D741B910064A90C /* mpush-client-ios(OC)UITests.xctest */;
			productType = "com.apple.product-type.bundle.ui-testing";
		};
/* End PBXNativeTarget section */

/* Begin PBXProject section */
		0D591C2D1D741B900064A90C /* Project object */ = {
			isa = PBXProject;
			attributes = {
				LastUpgradeCheck = 0730;
				ORGANIZATIONNAME = Yonglin;
				TargetAttributes = {
					0D591C341D741B900064A90C = {
						CreatedOnToolsVersion = 7.3.1;
						DevelopmentTeam = 9LW6A56WFN;
						SystemCapabilities = {
							com.apple.Keychain = {
								enabled = 1;
							};
						};
					};
					0D591C4D1D741B910064A90C = {
						CreatedOnToolsVersion = 7.3.1;
						TestTargetID = 0D591C341D741B900064A90C;
					};
					0D591C581D741B910064A90C = {
						CreatedOnToolsVersion = 7.3.1;
						TestTargetID = 0D591C341D741B900064A90C;
					};
				};
			};
			buildConfigurationList = 0D591C301D741B900064A90C /* Build configuration list for PBXProject "mpush-client-ios(OC)" */;
			compatibilityVersion = "Xcode 3.2";
			developmentRegion = English;
			hasScannedForEncodings = 0;
			knownRegions = (
				en,
				Base,
			);
			mainGroup = 0D591C2C1D741B900064A90C;
			productRefGroup = 0D591C361D741B900064A90C /* Products */;
			projectDirPath = "";
			projectRoot = "";
			targets = (
				0D591C341D741B900064A90C /* mpush-client-ios(OC) */,
				0D591C4D1D741B910064A90C /* mpush-client-ios(OC)Tests */,
				0D591C581D741B910064A90C /* mpush-client-ios(OC)UITests */,
			);
		};
/* End PBXProject section */

/* Begin PBXResourcesBuildPhase section */
		0D591C331D741B900064A90C /* Resources */ = {
			isa = PBXResourcesBuildPhase;
			buildActionMask = 2147483647;
			files = (
				0D591C481D741B900064A90C /* LaunchScreen.storyboard in Resources */,
				0D591C451D741B900064A90C /* Assets.xcassets in Resources */,
				0D591C431D741B900064A90C /* Main.storyboard in Resources */,
				39ADFB6220030782003D4A1F /* SVProgressHUD.bundle in Resources */,
			);
			runOnlyForDeploymentPostprocessing = 0;
		};
		0D591C4C1D741B910064A90C /* Resources */ = {
			isa = PBXResourcesBuildPhase;
			buildActionMask = 2147483647;
			files = (
			);
			runOnlyForDeploymentPostprocessing = 0;
		};
		0D591C571D741B910064A90C /* Resources */ = {
			isa = PBXResourcesBuildPhase;
			buildActionMask = 2147483647;
			files = (
			);
			runOnlyForDeploymentPostprocessing = 0;
		};
/* End PBXResourcesBuildPhase section */

/* Begin PBXSourcesBuildPhase section */
		0D591C311D741B900064A90C /* Sources */ = {
			isa = PBXSourcesBuildPhase;
			buildActionMask = 2147483647;
			files = (
				39ADFB6A20030782003D4A1F /* MPMessageHandler.m in Sources */,
				39ADFB5B20030782003D4A1F /* AFURLSessionManager.m in Sources */,
				39ADFB5D20030782003D4A1F /* GSKeyChain.m in Sources */,
				0D591C401D741B900064A90C /* ViewController.m in Sources */,
				0D591C3D1D741B900064A90C /* AppDelegate.m in Sources */,
				39ADFB7520030829003D4A1F /* MPAesCipher.m in Sources */,
				39ADFB5720030782003D4A1F /* AFNetworkReachabilityManager.m in Sources */,
				39ADFB7F2003087D003D4A1F /* MessageDataPacketTool.m in Sources */,
				39ADFB6020030782003D4A1F /* SVIndefiniteAnimatedView.m in Sources */,
				0D591C3A1D741B900064A90C /* main.m in Sources */,
				39ADFB5820030782003D4A1F /* AFSecurityPolicy.m in Sources */,
				39ADFB5C20030782003D4A1F /* GCDAsyncSocket.m in Sources */,
				39ADFB6320030782003D4A1F /* SVProgressHUD.m in Sources */,
				39ADFB6C20030782003D4A1F /* RFIReader.m in Sources */,
				39ADFB802003087D003D4A1F /* MPAllotClient.m in Sources */,
				39ADFB5920030782003D4A1F /* AFURLRequestSerialization.m in Sources */,
				39ADFB5F20030782003D4A1F /* LFCGzipUtility.m in Sources */,
				39ADFB812003087D003D4A1F /* MPSessionStorage.m in Sources */,
				39ADFB6420030782003D4A1F /* SVRadialGradientLayer.m in Sources */,
				39ADFB7620030829003D4A1F /* MPCipherBox.m in Sources */,
				39ADFB7720030829003D4A1F /* RSA.m in Sources */,
				39ADFB6120030782003D4A1F /* SVProgressAnimatedView.m in Sources */,
				39ADFB5E20030782003D4A1F /* GSKeyChainDataManager.m in Sources */,
				39ADFB5A20030782003D4A1F /* AFURLResponseSerialization.m in Sources */,
				39ADFB6D20030782003D4A1F /* RFIWriter.m in Sources */,
				39ADFB5620030782003D4A1F /* AFHTTPSessionManager.m in Sources */,
			);
			runOnlyForDeploymentPostprocessing = 0;
		};
		0D591C4A1D741B910064A90C /* Sources */ = {
			isa = PBXSourcesBuildPhase;
			buildActionMask = 2147483647;
			files = (
				0D591C531D741B910064A90C /* mpush_client_ios_OC_Tests.m in Sources */,
			);
			runOnlyForDeploymentPostprocessing = 0;
		};
		0D591C551D741B910064A90C /* Sources */ = {
			isa = PBXSourcesBuildPhase;
			buildActionMask = 2147483647;
			files = (
				0D591C5E1D741B910064A90C /* mpush_client_ios_OC_UITests.m in Sources */,
			);
			runOnlyForDeploymentPostprocessing = 0;
		};
/* End PBXSourcesBuildPhase section */

/* Begin PBXTargetDependency section */
		0D591C501D741B910064A90C /* PBXTargetDependency */ = {
			isa = PBXTargetDependency;
			target = 0D591C341D741B900064A90C /* mpush-client-ios(OC) */;
			targetProxy = 0D591C4F1D741B910064A90C /* PBXContainerItemProxy */;
		};
		0D591C5B1D741B910064A90C /* PBXTargetDependency */ = {
			isa = PBXTargetDependency;
			target = 0D591C341D741B900064A90C /* mpush-client-ios(OC) */;
			targetProxy = 0D591C5A1D741B910064A90C /* PBXContainerItemProxy */;
		};
/* End PBXTargetDependency section */

/* Begin PBXVariantGroup section */
		0D591C411D741B900064A90C /* Main.storyboard */ = {
			isa = PBXVariantGroup;
			children = (
				0D591C421D741B900064A90C /* Base */,
			);
			name = Main.storyboard;
			sourceTree = "<group>";
		};
		0D591C461D741B900064A90C /* LaunchScreen.storyboard */ = {
			isa = PBXVariantGroup;
			children = (
				0D591C471D741B900064A90C /* Base */,
			);
			name = LaunchScreen.storyboard;
			sourceTree = "<group>";
		};
/* End PBXVariantGroup section */

/* Begin XCBuildConfiguration section */
		0D591C601D741B910064A90C /* Debug */ = {
			isa = XCBuildConfiguration;
			buildSettings = {
				ALWAYS_SEARCH_USER_PATHS = NO;
				CLANG_ANALYZER_NONNULL = YES;
				CLANG_CXX_LANGUAGE_STANDARD = "gnu++0x";
				CLANG_CXX_LIBRARY = "libc++";
				CLANG_ENABLE_MODULES = YES;
				CLANG_ENABLE_OBJC_ARC = YES;
				CLANG_WARN_BOOL_CONVERSION = YES;
				CLANG_WARN_CONSTANT_CONVERSION = YES;
				CLANG_WARN_DIRECT_OBJC_ISA_USAGE = YES_ERROR;
				CLANG_WARN_EMPTY_BODY = YES;
				CLANG_WARN_ENUM_CONVERSION = YES;
				CLANG_WARN_INT_CONVERSION = YES;
				CLANG_WARN_OBJC_ROOT_CLASS = YES_ERROR;
				CLANG_WARN_UNREACHABLE_CODE = YES;
				CLANG_WARN__DUPLICATE_METHOD_MATCH = YES;
				"CODE_SIGN_IDENTITY[sdk=iphoneos*]" = "iPhone Developer";
				COPY_PHASE_STRIP = NO;
				DEBUG_INFORMATION_FORMAT = dwarf;
				ENABLE_STRICT_OBJC_MSGSEND = YES;
				ENABLE_TESTABILITY = YES;
				GCC_C_LANGUAGE_STANDARD = gnu99;
				GCC_DYNAMIC_NO_PIC = NO;
				GCC_NO_COMMON_BLOCKS = YES;
				GCC_OPTIMIZATION_LEVEL = 0;
				GCC_PREPROCESSOR_DEFINITIONS = (
					"DEBUG=1",
					"$(inherited)",
				);
				GCC_WARN_64_TO_32_BIT_CONVERSION = YES;
				GCC_WARN_ABOUT_RETURN_TYPE = YES_ERROR;
				GCC_WARN_UNDECLARED_SELECTOR = YES;
				GCC_WARN_UNINITIALIZED_AUTOS = YES_AGGRESSIVE;
				GCC_WARN_UNUSED_FUNCTION = YES;
				GCC_WARN_UNUSED_VARIABLE = YES;
				IPHONEOS_DEPLOYMENT_TARGET = 9.3;
				MTL_ENABLE_DEBUG_INFO = YES;
				ONLY_ACTIVE_ARCH = YES;
				SDKROOT = iphoneos;
			};
			name = Debug;
		};
		0D591C611D741B910064A90C /* Release */ = {
			isa = XCBuildConfiguration;
			buildSettings = {
				ALWAYS_SEARCH_USER_PATHS = NO;
				CLANG_ANALYZER_NONNULL = YES;
				CLANG_CXX_LANGUAGE_STANDARD = "gnu++0x";
				CLANG_CXX_LIBRARY = "libc++";
				CLANG_ENABLE_MODULES = YES;
				CLANG_ENABLE_OBJC_ARC = YES;
				CLANG_WARN_BOOL_CONVERSION = YES;
				CLANG_WARN_CONSTANT_CONVERSION = YES;
				CLANG_WARN_DIRECT_OBJC_ISA_USAGE = YES_ERROR;
				CLANG_WARN_EMPTY_BODY = YES;
				CLANG_WARN_ENUM_CONVERSION = YES;
				CLANG_WARN_INT_CONVERSION = YES;
				CLANG_WARN_OBJC_ROOT_CLASS = YES_ERROR;
				CLANG_WARN_UNREACHABLE_CODE = YES;
				CLANG_WARN__DUPLICATE_METHOD_MATCH = YES;
				"CODE_SIGN_IDENTITY[sdk=iphoneos*]" = "iPhone Developer";
				COPY_PHASE_STRIP = NO;
				DEBUG_INFORMATION_FORMAT = "dwarf-with-dsym";
				ENABLE_NS_ASSERTIONS = NO;
				ENABLE_STRICT_OBJC_MSGSEND = YES;
				GCC_C_LANGUAGE_STANDARD = gnu99;
				GCC_NO_COMMON_BLOCKS = YES;
				GCC_WARN_64_TO_32_BIT_CONVERSION = YES;
				GCC_WARN_ABOUT_RETURN_TYPE = YES_ERROR;
				GCC_WARN_UNDECLARED_SELECTOR = YES;
				GCC_WARN_UNINITIALIZED_AUTOS = YES_AGGRESSIVE;
				GCC_WARN_UNUSED_FUNCTION = YES;
				GCC_WARN_UNUSED_VARIABLE = YES;
				IPHONEOS_DEPLOYMENT_TARGET = 9.3;
				MTL_ENABLE_DEBUG_INFO = NO;
				SDKROOT = iphoneos;
				VALIDATE_PRODUCT = YES;
			};
			name = Release;
		};
		0D591C631D741B910064A90C /* Debug */ = {
			isa = XCBuildConfiguration;
			buildSettings = {
				ASSETCATALOG_COMPILER_APPICON_NAME = AppIcon;
				CODE_SIGN_ENTITLEMENTS = "mpush-client-ios(OC)/mpush-client-ios(OC).entitlements";
				DEVELOPMENT_TEAM = 9LW6A56WFN;
				INFOPLIST_FILE = "mpush-client-ios(OC)/Info.plist";
				LD_RUNPATH_SEARCH_PATHS = "$(inherited) @executable_path/Frameworks";
				PRODUCT_BUNDLE_IDENTIFIER = "com.bicaijia.mpush-client-ios-OC-";
				PRODUCT_NAME = "$(TARGET_NAME)";
			};
			name = Debug;
		};
		0D591C641D741B910064A90C /* Release */ = {
			isa = XCBuildConfiguration;
			buildSettings = {
				ASSETCATALOG_COMPILER_APPICON_NAME = AppIcon;
				CODE_SIGN_ENTITLEMENTS = "mpush-client-ios(OC)/mpush-client-ios(OC).entitlements";
				DEVELOPMENT_TEAM = 9LW6A56WFN;
				INFOPLIST_FILE = "mpush-client-ios(OC)/Info.plist";
				LD_RUNPATH_SEARCH_PATHS = "$(inherited) @executable_path/Frameworks";
				PRODUCT_BUNDLE_IDENTIFIER = "com.bicaijia.mpush-client-ios-OC-";
				PRODUCT_NAME = "$(TARGET_NAME)";
			};
			name = Release;
		};
		0D591C661D741B910064A90C /* Debug */ = {
			isa = XCBuildConfiguration;
			buildSettings = {
				BUNDLE_LOADER = "$(TEST_HOST)";
				INFOPLIST_FILE = "mpush-client-ios(OC)Tests/Info.plist";
				LD_RUNPATH_SEARCH_PATHS = "$(inherited) @executable_path/Frameworks @loader_path/Frameworks";
				PRODUCT_BUNDLE_IDENTIFIER = "com.bicaijia.mpush-client-ios-OC-Tests";
				PRODUCT_NAME = "$(TARGET_NAME)";
				TEST_HOST = "$(BUILT_PRODUCTS_DIR)/mpush-client-ios(OC).app/mpush-client-ios(OC)";
			};
			name = Debug;
		};
		0D591C671D741B910064A90C /* Release */ = {
			isa = XCBuildConfiguration;
			buildSettings = {
				BUNDLE_LOADER = "$(TEST_HOST)";
				INFOPLIST_FILE = "mpush-client-ios(OC)Tests/Info.plist";
				LD_RUNPATH_SEARCH_PATHS = "$(inherited) @executable_path/Frameworks @loader_path/Frameworks";
				PRODUCT_BUNDLE_IDENTIFIER = "com.bicaijia.mpush-client-ios-OC-Tests";
				PRODUCT_NAME = "$(TARGET_NAME)";
				TEST_HOST = "$(BUILT_PRODUCTS_DIR)/mpush-client-ios(OC).app/mpush-client-ios(OC)";
			};
			name = Release;
		};
		0D591C691D741B910064A90C /* Debug */ = {
			isa = XCBuildConfiguration;
			buildSettings = {
				INFOPLIST_FILE = "mpush-client-ios(OC)UITests/Info.plist";
				LD_RUNPATH_SEARCH_PATHS = "$(inherited) @executable_path/Frameworks @loader_path/Frameworks";
				PRODUCT_BUNDLE_IDENTIFIER = "com.bicaijia.mpush-client-ios-OC-UITests";
				PRODUCT_NAME = "$(TARGET_NAME)";
				TEST_TARGET_NAME = "mpush-client-ios(OC)";
			};
			name = Debug;
		};
		0D591C6A1D741B910064A90C /* Release */ = {
			isa = XCBuildConfiguration;
			buildSettings = {
				INFOPLIST_FILE = "mpush-client-ios(OC)UITests/Info.plist";
				LD_RUNPATH_SEARCH_PATHS = "$(inherited) @executable_path/Frameworks @loader_path/Frameworks";
				PRODUCT_BUNDLE_IDENTIFIER = "com.bicaijia.mpush-client-ios-OC-UITests";
				PRODUCT_NAME = "$(TARGET_NAME)";
				TEST_TARGET_NAME = "mpush-client-ios(OC)";
			};
			name = Release;
		};
/* End XCBuildConfiguration section */

/* Begin XCConfigurationList section */
		0D591C301D741B900064A90C /* Build configuration list for PBXProject "mpush-client-ios(OC)" */ = {
			isa = XCConfigurationList;
			buildConfigurations = (
				0D591C601D741B910064A90C /* Debug */,
				0D591C611D741B910064A90C /* Release */,
			);
			defaultConfigurationIsVisible = 0;
			defaultConfigurationName = Release;
		};
		0D591C621D741B910064A90C /* Build configuration list for PBXNativeTarget "mpush-client-ios(OC)" */ = {
			isa = XCConfigurationList;
			buildConfigurations = (
				0D591C631D741B910064A90C /* Debug */,
				0D591C641D741B910064A90C /* Release */,
			);
			defaultConfigurationIsVisible = 0;
			defaultConfigurationName = Release;
		};
		0D591C651D741B910064A90C /* Build configuration list for PBXNativeTarget "mpush-client-ios(OC)Tests" */ = {
			isa = XCConfigurationList;
			buildConfigurations = (
				0D591C661D741B910064A90C /* Debug */,
				0D591C671D741B910064A90C /* Release */,
			);
			defaultConfigurationIsVisible = 0;
			defaultConfigurationName = Release;
		};
		0D591C681D741B910064A90C /* Build configuration list for PBXNativeTarget "mpush-client-ios(OC)UITests" */ = {
			isa = XCConfigurationList;
			buildConfigurations = (
				0D591C691D741B910064A90C /* Debug */,
				0D591C6A1D741B910064A90C /* Release */,
			);
			defaultConfigurationIsVisible = 0;
			defaultConfigurationName = Release;
		};
/* End XCConfigurationList section */
	};
	rootObject = 0D591C2D1D741B900064A90C /* Project object */;
}
